// !$*UTF8*$!
{
	archiveVersion = 1;
	classes = {
	};
	objectVersion = 50;
	objects = {

/* Begin PBXBuildFile section */
		F16AABC820D2B470009807E5 /* FileManagement.swift in Sources */ = {isa = PBXBuildFile; fileRef = F16AABC620D2B304009807E5 /* FileManagement.swift */; };
		F16AABCD20D2FF97009807E5 /* KDBXDocument.swift in Sources */ = {isa = PBXBuildFile; fileRef = F16AABCC20D2FF97009807E5 /* KDBXDocument.swift */; };
		F16AABFE20D32C43009807E5 /* AEXML.framework in Frameworks */ = {isa = PBXBuildFile; fileRef = F16AABF120D32BE5009807E5 /* AEXML.framework */; };
		F16AABFF20D32C43009807E5 /* AEXML.framework in Embed Frameworks */ = {isa = PBXBuildFile; fileRef = F16AABF120D32BE5009807E5 /* AEXML.framework */; settings = {ATTRIBUTES = (CodeSignOnCopy, RemoveHeadersOnCopy, ); }; };
		F16D5BA120CC6956008B6F12 /* AppDelegate.swift in Sources */ = {isa = PBXBuildFile; fileRef = F16D5BA020CC6956008B6F12 /* AppDelegate.swift */; };
		F16D5BA320CC6956008B6F12 /* MasterViewController.swift in Sources */ = {isa = PBXBuildFile; fileRef = F16D5BA220CC6956008B6F12 /* MasterViewController.swift */; };
		F16D5BA520CC6956008B6F12 /* DetailViewController.swift in Sources */ = {isa = PBXBuildFile; fileRef = F16D5BA420CC6956008B6F12 /* DetailViewController.swift */; };
		F16D5BA820CC6956008B6F12 /* Main.storyboard in Resources */ = {isa = PBXBuildFile; fileRef = F16D5BA620CC6956008B6F12 /* Main.storyboard */; };
		F16D5BAA20CC6957008B6F12 /* Assets.xcassets in Resources */ = {isa = PBXBuildFile; fileRef = F16D5BA920CC6957008B6F12 /* Assets.xcassets */; };
		F16D5BAD20CC6957008B6F12 /* LaunchScreen.storyboard in Resources */ = {isa = PBXBuildFile; fileRef = F16D5BAB20CC6957008B6F12 /* LaunchScreen.storyboard */; };
		F16D5BB820CC6958008B6F12 /* KeePassTests.swift in Sources */ = {isa = PBXBuildFile; fileRef = F16D5BB720CC6958008B6F12 /* KeePassTests.swift */; };
		F16D5BC320CC6958008B6F12 /* KeePassUITests.swift in Sources */ = {isa = PBXBuildFile; fileRef = F16D5BC220CC6958008B6F12 /* KeePassUITests.swift */; };
		F16D5BDE20CC6971008B6F12 /* KeePassSupport.framework in Frameworks */ = {isa = PBXBuildFile; fileRef = F16D5BD520CC6970008B6F12 /* KeePassSupport.framework */; };
		F16D5BE520CC6971008B6F12 /* KeePassSupportTests.swift in Sources */ = {isa = PBXBuildFile; fileRef = F16D5BE420CC6971008B6F12 /* KeePassSupportTests.swift */; };
		F16D5BE720CC6971008B6F12 /* KeePassSupport.h in Headers */ = {isa = PBXBuildFile; fileRef = F16D5BD720CC6970008B6F12 /* KeePassSupport.h */; settings = {ATTRIBUTES = (Public, ); }; };
		F16D5BEA20CC6971008B6F12 /* KeePassSupport.framework in Frameworks */ = {isa = PBXBuildFile; fileRef = F16D5BD520CC6970008B6F12 /* KeePassSupport.framework */; };
		F16D5BEB20CC6971008B6F12 /* KeePassSupport.framework in Embed Frameworks */ = {isa = PBXBuildFile; fileRef = F16D5BD520CC6970008B6F12 /* KeePassSupport.framework */; settings = {ATTRIBUTES = (CodeSignOnCopy, RemoveHeadersOnCopy, ); }; };
		F16D5BF420CC69A2008B6F12 /* KDBXCryptoHandler.swift in Sources */ = {isa = PBXBuildFile; fileRef = F16D5BF320CC69A2008B6F12 /* KDBXCryptoHandler.swift */; };
		F16D5BF820CC69AB008B6F12 /* AES.swift in Sources */ = {isa = PBXBuildFile; fileRef = F16D5BF620CC69AB008B6F12 /* AES.swift */; };
		F16D5BF920CC69AB008B6F12 /* ByteArray+Crypto.swift in Sources */ = {isa = PBXBuildFile; fileRef = F16D5BF720CC69AB008B6F12 /* ByteArray+Crypto.swift */; };
		F16D5BFB20CC6A62008B6F12 /* Test.kdbx in Resources */ = {isa = PBXBuildFile; fileRef = F16D5BFA20CC6A62008B6F12 /* Test.kdbx */; };
		F18BB44A20D402EB00F92235 /* Gzip.framework in Embed Frameworks */ = {isa = PBXBuildFile; fileRef = F1AF721020CD95B400F79799 /* Gzip.framework */; settings = {ATTRIBUTES = (CodeSignOnCopy, RemoveHeadersOnCopy, ); }; };
		F18BB45420D4074400F92235 /* Default.xml in Resources */ = {isa = PBXBuildFile; fileRef = F18BB45320D4074400F92235 /* Default.xml */; };
		F18BB45820D4394400F92235 /* FixedWidthInteger+Bytes.swift in Sources */ = {isa = PBXBuildFile; fileRef = F18BB45720D4394400F92235 /* FixedWidthInteger+Bytes.swift */; };
		F18FC50920D47D200070301A /* Persistence.swift in Sources */ = {isa = PBXBuildFile; fileRef = F18FC50820D47D200070301A /* Persistence.swift */; };
		F1A3533E20D5E7E9000AABB3 /* PasswordViewController.swift in Sources */ = {isa = PBXBuildFile; fileRef = F1A3533D20D5E7E9000AABB3 /* PasswordViewController.swift */; };
		F1AF721D20CD960000F79799 /* Gzip.framework in Frameworks */ = {isa = PBXBuildFile; fileRef = F1AF721020CD95B400F79799 /* Gzip.framework */; };
/* End PBXBuildFile section */

/* Begin PBXContainerItemProxy section */
		F16AABF020D32BE5009807E5 /* PBXContainerItemProxy */ = {
			isa = PBXContainerItemProxy;
			containerPortal = F16AABE620D32BE5009807E5 /* AEXML.xcodeproj */;
			proxyType = 2;
			remoteGlobalIDString = 8B4A92791BDD47210011F36F;
			remoteInfo = "AEXML iOS";
		};
		F16AABF220D32BE5009807E5 /* PBXContainerItemProxy */ = {
			isa = PBXContainerItemProxy;
			containerPortal = F16AABE620D32BE5009807E5 /* AEXML.xcodeproj */;
			proxyType = 2;
			remoteGlobalIDString = 8B4A92DF1BDD5D330011F36F;
			remoteInfo = "AEXML watchOS";
		};
		F16AABF420D32BE5009807E5 /* PBXContainerItemProxy */ = {
			isa = PBXContainerItemProxy;
			containerPortal = F16AABE620D32BE5009807E5 /* AEXML.xcodeproj */;
			proxyType = 2;
			remoteGlobalIDString = 8B4A92991BDD4CEF0011F36F;
			remoteInfo = "AEXML iOS Tests";
		};
		F16AABF620D32BE5009807E5 /* PBXContainerItemProxy */ = {
			isa = PBXContainerItemProxy;
			containerPortal = F16AABE620D32BE5009807E5 /* AEXML.xcodeproj */;
			proxyType = 2;
			remoteGlobalIDString = 8B4A92BE1BDD5B300011F36F;
			remoteInfo = "AEXML tvOS";
		};
		F16AABF820D32BE5009807E5 /* PBXContainerItemProxy */ = {
			isa = PBXContainerItemProxy;
			containerPortal = F16AABE620D32BE5009807E5 /* AEXML.xcodeproj */;
			proxyType = 2;
			remoteGlobalIDString = 8B4A92CC1BDD5BB20011F36F;
			remoteInfo = "AEXML tvOS Tests";
		};
		F16AABFA20D32BE5009807E5 /* PBXContainerItemProxy */ = {
			isa = PBXContainerItemProxy;
			containerPortal = F16AABE620D32BE5009807E5 /* AEXML.xcodeproj */;
			proxyType = 2;
			remoteGlobalIDString = 8B4A928A1BDD49390011F36F;
			remoteInfo = "AEXML OSX";
		};
		F16AABFC20D32BE5009807E5 /* PBXContainerItemProxy */ = {
			isa = PBXContainerItemProxy;
			containerPortal = F16AABE620D32BE5009807E5 /* AEXML.xcodeproj */;
			proxyType = 2;
			remoteGlobalIDString = 8B4A92AB1BDD54F50011F36F;
			remoteInfo = "AEXML OSX Tests";
		};
		F16AAC0020D32C43009807E5 /* PBXContainerItemProxy */ = {
			isa = PBXContainerItemProxy;
			containerPortal = F16AABE620D32BE5009807E5 /* AEXML.xcodeproj */;
			proxyType = 1;
			remoteGlobalIDString = 8B4A92781BDD47210011F36F;
			remoteInfo = "AEXML iOS";
		};
		F16D5BB420CC6957008B6F12 /* PBXContainerItemProxy */ = {
			isa = PBXContainerItemProxy;
			containerPortal = F16D5B9520CC6956008B6F12 /* Project object */;
			proxyType = 1;
			remoteGlobalIDString = F16D5B9C20CC6956008B6F12;
			remoteInfo = KeePass;
		};
		F16D5BBF20CC6958008B6F12 /* PBXContainerItemProxy */ = {
			isa = PBXContainerItemProxy;
			containerPortal = F16D5B9520CC6956008B6F12 /* Project object */;
			proxyType = 1;
			remoteGlobalIDString = F16D5B9C20CC6956008B6F12;
			remoteInfo = KeePass;
		};
		F16D5BDF20CC6971008B6F12 /* PBXContainerItemProxy */ = {
			isa = PBXContainerItemProxy;
			containerPortal = F16D5B9520CC6956008B6F12 /* Project object */;
			proxyType = 1;
			remoteGlobalIDString = F16D5BD420CC6970008B6F12;
			remoteInfo = KeePassSupport;
		};
		F16D5BE120CC6971008B6F12 /* PBXContainerItemProxy */ = {
			isa = PBXContainerItemProxy;
			containerPortal = F16D5B9520CC6956008B6F12 /* Project object */;
			proxyType = 1;
			remoteGlobalIDString = F16D5B9C20CC6956008B6F12;
			remoteInfo = KeePass;
		};
		F16D5BE820CC6971008B6F12 /* PBXContainerItemProxy */ = {
			isa = PBXContainerItemProxy;
			containerPortal = F16D5B9520CC6956008B6F12 /* Project object */;
			proxyType = 1;
			remoteGlobalIDString = F16D5BD420CC6970008B6F12;
			remoteInfo = KeePassSupport;
		};
		F18BB44B20D402EB00F92235 /* PBXContainerItemProxy */ = {
			isa = PBXContainerItemProxy;
			containerPortal = F1AF720320CD95B400F79799 /* Gzip.xcodeproj */;
			proxyType = 1;
			remoteGlobalIDString = 2AE050981D4A2DC30040E4C9;
			remoteInfo = "Gzip iOS";
		};
		F1AF720D20CD95B400F79799 /* PBXContainerItemProxy */ = {
			isa = PBXContainerItemProxy;
			containerPortal = F1AF720320CD95B400F79799 /* Gzip.xcodeproj */;
			proxyType = 2;
			remoteGlobalIDString = 2AE050881D4A2C070040E4C9;
			remoteInfo = "Gzip macOS";
		};
		F1AF720F20CD95B400F79799 /* PBXContainerItemProxy */ = {
			isa = PBXContainerItemProxy;
			containerPortal = F1AF720320CD95B400F79799 /* Gzip.xcodeproj */;
			proxyType = 2;
			remoteGlobalIDString = 2AE050991D4A2DC30040E4C9;
			remoteInfo = "Gzip iOS";
		};
		F1AF721120CD95B400F79799 /* PBXContainerItemProxy */ = {
			isa = PBXContainerItemProxy;
			containerPortal = F1AF720320CD95B400F79799 /* Gzip.xcodeproj */;
			proxyType = 2;
			remoteGlobalIDString = 2A321EE71D4A6138002B0245;
			remoteInfo = "Gzip watchOS";
		};
		F1AF721320CD95B400F79799 /* PBXContainerItemProxy */ = {
			isa = PBXContainerItemProxy;
			containerPortal = F1AF720320CD95B400F79799 /* Gzip.xcodeproj */;
			proxyType = 2;
			remoteGlobalIDString = 2A321F071D4A635F002B0245;
			remoteInfo = "Gzip tvOS";
		};
		F1AF721520CD95B400F79799 /* PBXContainerItemProxy */ = {
			isa = PBXContainerItemProxy;
			containerPortal = F1AF720320CD95B400F79799 /* Gzip.xcodeproj */;
			proxyType = 2;
			remoteGlobalIDString = 2A58A7571B00F414005FBBC2;
			remoteInfo = "Tests macOS";
		};
		F1AF721720CD95B400F79799 /* PBXContainerItemProxy */ = {
			isa = PBXContainerItemProxy;
			containerPortal = F1AF720320CD95B400F79799 /* Gzip.xcodeproj */;
			proxyType = 2;
			remoteGlobalIDString = 2A58A77D1B00FBEF005FBBC2;
			remoteInfo = "Tests iOS";
		};
/* End PBXContainerItemProxy section */

/* Begin PBXCopyFilesBuildPhase section */
		F16D5BEF20CC6971008B6F12 /* Embed Frameworks */ = {
			isa = PBXCopyFilesBuildPhase;
			buildActionMask = 2147483647;
			dstPath = "";
			dstSubfolderSpec = 10;
			files = (
				F16AABFF20D32C43009807E5 /* AEXML.framework in Embed Frameworks */,
				F16D5BEB20CC6971008B6F12 /* KeePassSupport.framework in Embed Frameworks */,
				F18BB44A20D402EB00F92235 /* Gzip.framework in Embed Frameworks */,
			);
			name = "Embed Frameworks";
			runOnlyForDeploymentPostprocessing = 0;
		};
/* End PBXCopyFilesBuildPhase section */

/* Begin PBXFileReference section */
		F16AABA320D08C25009807E5 /* KeePass.entitlements */ = {isa = PBXFileReference; lastKnownFileType = text.plist.entitlements; path = KeePass.entitlements; sourceTree = "<group>"; };
		F16AABC620D2B304009807E5 /* FileManagement.swift */ = {isa = PBXFileReference; lastKnownFileType = sourcecode.swift; path = FileManagement.swift; sourceTree = "<group>"; };
		F16AABCC20D2FF97009807E5 /* KDBXDocument.swift */ = {isa = PBXFileReference; lastKnownFileType = sourcecode.swift; path = KDBXDocument.swift; sourceTree = "<group>"; };
		F16AABE620D32BE5009807E5 /* AEXML.xcodeproj */ = {isa = PBXFileReference; lastKnownFileType = "wrapper.pb-project"; name = AEXML.xcodeproj; path = Dependencies/AEXML/AEXML.xcodeproj; sourceTree = "<group>"; };
		F16D5B9D20CC6956008B6F12 /* KeePass.app */ = {isa = PBXFileReference; explicitFileType = wrapper.application; includeInIndex = 0; path = KeePass.app; sourceTree = BUILT_PRODUCTS_DIR; };
		F16D5BA020CC6956008B6F12 /* AppDelegate.swift */ = {isa = PBXFileReference; lastKnownFileType = sourcecode.swift; path = AppDelegate.swift; sourceTree = "<group>"; };
		F16D5BA220CC6956008B6F12 /* MasterViewController.swift */ = {isa = PBXFileReference; lastKnownFileType = sourcecode.swift; path = MasterViewController.swift; sourceTree = "<group>"; };
		F16D5BA420CC6956008B6F12 /* DetailViewController.swift */ = {isa = PBXFileReference; lastKnownFileType = sourcecode.swift; path = DetailViewController.swift; sourceTree = "<group>"; };
		F16D5BA720CC6956008B6F12 /* Base */ = {isa = PBXFileReference; lastKnownFileType = file.storyboard; name = Base; path = Base.lproj/Main.storyboard; sourceTree = "<group>"; };
		F16D5BA920CC6957008B6F12 /* Assets.xcassets */ = {isa = PBXFileReference; lastKnownFileType = folder.assetcatalog; path = Assets.xcassets; sourceTree = "<group>"; };
		F16D5BAC20CC6957008B6F12 /* Base */ = {isa = PBXFileReference; lastKnownFileType = file.storyboard; name = Base; path = Base.lproj/LaunchScreen.storyboard; sourceTree = "<group>"; };
		F16D5BAE20CC6957008B6F12 /* Info.plist */ = {isa = PBXFileReference; lastKnownFileType = text.plist.xml; path = Info.plist; sourceTree = "<group>"; };
		F16D5BB320CC6957008B6F12 /* KeePassTests.xctest */ = {isa = PBXFileReference; explicitFileType = wrapper.cfbundle; includeInIndex = 0; path = KeePassTests.xctest; sourceTree = BUILT_PRODUCTS_DIR; };
		F16D5BB720CC6958008B6F12 /* KeePassTests.swift */ = {isa = PBXFileReference; lastKnownFileType = sourcecode.swift; path = KeePassTests.swift; sourceTree = "<group>"; };
		F16D5BB920CC6958008B6F12 /* Info.plist */ = {isa = PBXFileReference; lastKnownFileType = text.plist.xml; path = Info.plist; sourceTree = "<group>"; };
		F16D5BBE20CC6958008B6F12 /* KeePassUITests.xctest */ = {isa = PBXFileReference; explicitFileType = wrapper.cfbundle; includeInIndex = 0; path = KeePassUITests.xctest; sourceTree = BUILT_PRODUCTS_DIR; };
		F16D5BC220CC6958008B6F12 /* KeePassUITests.swift */ = {isa = PBXFileReference; lastKnownFileType = sourcecode.swift; path = KeePassUITests.swift; sourceTree = "<group>"; };
		F16D5BC420CC6958008B6F12 /* Info.plist */ = {isa = PBXFileReference; lastKnownFileType = text.plist.xml; path = Info.plist; sourceTree = "<group>"; };
		F16D5BD520CC6970008B6F12 /* KeePassSupport.framework */ = {isa = PBXFileReference; explicitFileType = wrapper.framework; includeInIndex = 0; path = KeePassSupport.framework; sourceTree = BUILT_PRODUCTS_DIR; };
		F16D5BD720CC6970008B6F12 /* KeePassSupport.h */ = {isa = PBXFileReference; lastKnownFileType = sourcecode.c.h; path = KeePassSupport.h; sourceTree = "<group>"; };
		F16D5BD820CC6970008B6F12 /* Info.plist */ = {isa = PBXFileReference; lastKnownFileType = text.plist.xml; path = Info.plist; sourceTree = "<group>"; };
		F16D5BDD20CC6970008B6F12 /* KeePassSupportTests.xctest */ = {isa = PBXFileReference; explicitFileType = wrapper.cfbundle; includeInIndex = 0; path = KeePassSupportTests.xctest; sourceTree = BUILT_PRODUCTS_DIR; };
		F16D5BE420CC6971008B6F12 /* KeePassSupportTests.swift */ = {isa = PBXFileReference; lastKnownFileType = sourcecode.swift; path = KeePassSupportTests.swift; sourceTree = "<group>"; };
		F16D5BE620CC6971008B6F12 /* Info.plist */ = {isa = PBXFileReference; lastKnownFileType = text.plist.xml; path = Info.plist; sourceTree = "<group>"; };
		F16D5BF320CC69A2008B6F12 /* KDBXCryptoHandler.swift */ = {isa = PBXFileReference; fileEncoding = 4; lastKnownFileType = sourcecode.swift; path = KDBXCryptoHandler.swift; sourceTree = "<group>"; };
		F16D5BF620CC69AB008B6F12 /* AES.swift */ = {isa = PBXFileReference; fileEncoding = 4; lastKnownFileType = sourcecode.swift; path = AES.swift; sourceTree = "<group>"; };
		F16D5BF720CC69AB008B6F12 /* ByteArray+Crypto.swift */ = {isa = PBXFileReference; fileEncoding = 4; lastKnownFileType = sourcecode.swift; path = "ByteArray+Crypto.swift"; sourceTree = "<group>"; };
		F16D5BFA20CC6A62008B6F12 /* Test.kdbx */ = {isa = PBXFileReference; lastKnownFileType = file; path = Test.kdbx; sourceTree = "<group>"; };
		F18BB45320D4074400F92235 /* Default.xml */ = {isa = PBXFileReference; fileEncoding = 4; lastKnownFileType = text.xml; path = Default.xml; sourceTree = "<group>"; };
		F18BB45720D4394400F92235 /* FixedWidthInteger+Bytes.swift */ = {isa = PBXFileReference; lastKnownFileType = sourcecode.swift; path = "FixedWidthInteger+Bytes.swift"; sourceTree = "<group>"; };
		F18FC50820D47D200070301A /* Persistence.swift */ = {isa = PBXFileReference; lastKnownFileType = sourcecode.swift; path = Persistence.swift; sourceTree = "<group>"; };
		F1A25D1A20CC7868007F0FD1 /* Foundation.framework */ = {isa = PBXFileReference; lastKnownFileType = wrapper.framework; name = Foundation.framework; path = System/Library/Frameworks/Foundation.framework; sourceTree = SDKROOT; };
		F1A25D1D20CC78B4007F0FD1 /* CommonSymmetricKeywrap.h */ = {isa = PBXFileReference; lastKnownFileType = sourcecode.c.h; path = CommonSymmetricKeywrap.h; sourceTree = "<group>"; };
		F1A25D1E20CC78B4007F0FD1 /* CommonRandom.h */ = {isa = PBXFileReference; lastKnownFileType = sourcecode.c.h; path = CommonRandom.h; sourceTree = "<group>"; };
		F1A25D1F20CC78B4007F0FD1 /* CommonCryptor.h */ = {isa = PBXFileReference; lastKnownFileType = sourcecode.c.h; path = CommonCryptor.h; sourceTree = "<group>"; };
		F1A25D2020CC78B4007F0FD1 /* CommonHMAC.h */ = {isa = PBXFileReference; lastKnownFileType = sourcecode.c.h; path = CommonHMAC.h; sourceTree = "<group>"; };
		F1A25D2120CC78B4007F0FD1 /* CommonDigest.h */ = {isa = PBXFileReference; lastKnownFileType = sourcecode.c.h; path = CommonDigest.h; sourceTree = "<group>"; };
		F1A25D2220CC78B4007F0FD1 /* CommonCrypto.h */ = {isa = PBXFileReference; lastKnownFileType = sourcecode.c.h; path = CommonCrypto.h; sourceTree = "<group>"; };
		F1A25D2320CC78B4007F0FD1 /* CommonKeyDerivation.h */ = {isa = PBXFileReference; lastKnownFileType = sourcecode.c.h; path = CommonKeyDerivation.h; sourceTree = "<group>"; };
		F1A25D2420CC78B4007F0FD1 /* module.modulemap */ = {isa = PBXFileReference; lastKnownFileType = "sourcecode.module-map"; path = module.modulemap; sourceTree = "<group>"; };
		F1A25D2520CC78B4007F0FD1 /* CommonCryptoError.h */ = {isa = PBXFileReference; lastKnownFileType = sourcecode.c.h; path = CommonCryptoError.h; sourceTree = "<group>"; };
		F1A3533D20D5E7E9000AABB3 /* PasswordViewController.swift */ = {isa = PBXFileReference; lastKnownFileType = sourcecode.swift; path = PasswordViewController.swift; sourceTree = "<group>"; };
		F1AF720320CD95B400F79799 /* Gzip.xcodeproj */ = {isa = PBXFileReference; lastKnownFileType = "wrapper.pb-project"; name = Gzip.xcodeproj; path = Dependencies/GzipSwift/Gzip.xcodeproj; sourceTree = "<group>"; };
		F1E89E8D20CC6FF400AE8A2C /* Playground.playground */ = {isa = PBXFileReference; lastKnownFileType = file.playground; path = Playground.playground; sourceTree = "<group>"; xcLanguageSpecificationIdentifier = xcode.lang.swift; };
/* End PBXFileReference section */

/* Begin PBXFrameworksBuildPhase section */
		F16D5B9A20CC6956008B6F12 /* Frameworks */ = {
			isa = PBXFrameworksBuildPhase;
			buildActionMask = 2147483647;
			files = (
				F16AABFE20D32C43009807E5 /* AEXML.framework in Frameworks */,
				F16D5BEA20CC6971008B6F12 /* KeePassSupport.framework in Frameworks */,
			);
			runOnlyForDeploymentPostprocessing = 0;
		};
		F16D5BB020CC6957008B6F12 /* Frameworks */ = {
			isa = PBXFrameworksBuildPhase;
			buildActionMask = 2147483647;
			files = (
			);
			runOnlyForDeploymentPostprocessing = 0;
		};
		F16D5BBB20CC6958008B6F12 /* Frameworks */ = {
			isa = PBXFrameworksBuildPhase;
			buildActionMask = 2147483647;
			files = (
			);
			runOnlyForDeploymentPostprocessing = 0;
		};
		F16D5BD220CC6970008B6F12 /* Frameworks */ = {
			isa = PBXFrameworksBuildPhase;
			buildActionMask = 2147483647;
			files = (
				F1AF721D20CD960000F79799 /* Gzip.framework in Frameworks */,
			);
			runOnlyForDeploymentPostprocessing = 0;
		};
		F16D5BDA20CC6970008B6F12 /* Frameworks */ = {
			isa = PBXFrameworksBuildPhase;
			buildActionMask = 2147483647;
			files = (
				F16D5BDE20CC6971008B6F12 /* KeePassSupport.framework in Frameworks */,
			);
			runOnlyForDeploymentPostprocessing = 0;
		};
/* End PBXFrameworksBuildPhase section */

/* Begin PBXGroup section */
		F16AABE720D32BE5009807E5 /* Products */ = {
			isa = PBXGroup;
			children = (
				F16AABF120D32BE5009807E5 /* AEXML.framework */,
				F16AABF320D32BE5009807E5 /* AEXML.framework */,
				F16AABF520D32BE5009807E5 /* AEXML iOS Tests.xctest */,
				F16AABF720D32BE5009807E5 /* AEXML.framework */,
				F16AABF920D32BE5009807E5 /* AEXML tvOS Tests.xctest */,
				F16AABFB20D32BE5009807E5 /* AEXML.framework */,
				F16AABFD20D32BE5009807E5 /* AEXML OSX Tests.xctest */,
			);
			name = Products;
			sourceTree = "<group>";
		};
		F16D5B9420CC6956008B6F12 = {
			isa = PBXGroup;
			children = (
				F16AABE620D32BE5009807E5 /* AEXML.xcodeproj */,
				F1AF720320CD95B400F79799 /* Gzip.xcodeproj */,
				F16D5B9F20CC6956008B6F12 /* KeePass */,
				F16D5BB620CC6957008B6F12 /* KeePassTests */,
				F16D5BC120CC6958008B6F12 /* KeePassUITests */,
				F16D5BD620CC6970008B6F12 /* KeePassSupport */,
				F16D5BE320CC6971008B6F12 /* KeePassSupportTests */,
				F16D5B9E20CC6956008B6F12 /* Products */,
				F1A25D1920CC7868007F0FD1 /* Frameworks */,
			);
			sourceTree = "<group>";
		};
		F16D5B9E20CC6956008B6F12 /* Products */ = {
			isa = PBXGroup;
			children = (
				F16D5B9D20CC6956008B6F12 /* KeePass.app */,
				F16D5BB320CC6957008B6F12 /* KeePassTests.xctest */,
				F16D5BBE20CC6958008B6F12 /* KeePassUITests.xctest */,
				F16D5BD520CC6970008B6F12 /* KeePassSupport.framework */,
				F16D5BDD20CC6970008B6F12 /* KeePassSupportTests.xctest */,
			);
			name = Products;
			sourceTree = "<group>";
		};
		F16D5B9F20CC6956008B6F12 /* KeePass */ = {
			isa = PBXGroup;
			children = (
				F1A3533020D5E7A9000AABB3 /* View Controllers */,
				F18BB45320D4074400F92235 /* Default.xml */,
				F16AABA320D08C25009807E5 /* KeePass.entitlements */,
				F16D5BFA20CC6A62008B6F12 /* Test.kdbx */,
				F16D5BF520CC69AB008B6F12 /* Crypto */,
				F16AABCC20D2FF97009807E5 /* KDBXDocument.swift */,
				F16D5BA020CC6956008B6F12 /* AppDelegate.swift */,
				F16AABC620D2B304009807E5 /* FileManagement.swift */,
				F18FC50820D47D200070301A /* Persistence.swift */,
				F16D5BA620CC6956008B6F12 /* Main.storyboard */,
				F16D5BA920CC6957008B6F12 /* Assets.xcassets */,
				F16D5BAB20CC6957008B6F12 /* LaunchScreen.storyboard */,
				F16D5BAE20CC6957008B6F12 /* Info.plist */,
				F1E89E8D20CC6FF400AE8A2C /* Playground.playground */,
			);
			path = KeePass;
			sourceTree = "<group>";
		};
		F16D5BB620CC6957008B6F12 /* KeePassTests */ = {
			isa = PBXGroup;
			children = (
				F16D5BB720CC6958008B6F12 /* KeePassTests.swift */,
				F16D5BB920CC6958008B6F12 /* Info.plist */,
			);
			path = KeePassTests;
			sourceTree = "<group>";
		};
		F16D5BC120CC6958008B6F12 /* KeePassUITests */ = {
			isa = PBXGroup;
			children = (
				F16D5BC220CC6958008B6F12 /* KeePassUITests.swift */,
				F16D5BC420CC6958008B6F12 /* Info.plist */,
			);
			path = KeePassUITests;
			sourceTree = "<group>";
		};
		F16D5BD620CC6970008B6F12 /* KeePassSupport */ = {
			isa = PBXGroup;
			children = (
				F16D5BD720CC6970008B6F12 /* KeePassSupport.h */,
				F16D5BD820CC6970008B6F12 /* Info.plist */,
			);
			path = KeePassSupport;
			sourceTree = "<group>";
		};
		F16D5BE320CC6971008B6F12 /* KeePassSupportTests */ = {
			isa = PBXGroup;
			children = (
				F16D5BE420CC6971008B6F12 /* KeePassSupportTests.swift */,
				F16D5BE620CC6971008B6F12 /* Info.plist */,
			);
			path = KeePassSupportTests;
			sourceTree = "<group>";
		};
		F16D5BF520CC69AB008B6F12 /* Crypto */ = {
			isa = PBXGroup;
			children = (
				F16D5BF620CC69AB008B6F12 /* AES.swift */,
				F16D5BF720CC69AB008B6F12 /* ByteArray+Crypto.swift */,
				F18BB45720D4394400F92235 /* FixedWidthInteger+Bytes.swift */,
				F16D5BF320CC69A2008B6F12 /* KDBXCryptoHandler.swift */,
			);
			path = Crypto;
			sourceTree = "<group>";
		};
		F1A25D1920CC7868007F0FD1 /* Frameworks */ = {
			isa = PBXGroup;
			children = (
				F1A25D1C20CC78B4007F0FD1 /* CommonCrypto */,
				F1A25D1A20CC7868007F0FD1 /* Foundation.framework */,
			);
			name = Frameworks;
			sourceTree = "<group>";
		};
		F1A25D1C20CC78B4007F0FD1 /* CommonCrypto */ = {
			isa = PBXGroup;
			children = (
				F1A25D1D20CC78B4007F0FD1 /* CommonSymmetricKeywrap.h */,
				F1A25D1E20CC78B4007F0FD1 /* CommonRandom.h */,
				F1A25D1F20CC78B4007F0FD1 /* CommonCryptor.h */,
				F1A25D2020CC78B4007F0FD1 /* CommonHMAC.h */,
				F1A25D2120CC78B4007F0FD1 /* CommonDigest.h */,
				F1A25D2220CC78B4007F0FD1 /* CommonCrypto.h */,
				F1A25D2320CC78B4007F0FD1 /* CommonKeyDerivation.h */,
				F1A25D2420CC78B4007F0FD1 /* module.modulemap */,
				F1A25D2520CC78B4007F0FD1 /* CommonCryptoError.h */,
			);
			name = CommonCrypto;
			path = Platforms/iPhoneSimulator.platform/Developer/SDKs/iPhoneSimulator.sdk/usr/include/CommonCrypto;
			sourceTree = DEVELOPER_DIR;
		};
		F1A3533020D5E7A9000AABB3 /* View Controllers */ = {
			isa = PBXGroup;
			children = (
				F16D5BA220CC6956008B6F12 /* MasterViewController.swift */,
				F16D5BA420CC6956008B6F12 /* DetailViewController.swift */,
				F1A3533D20D5E7E9000AABB3 /* PasswordViewController.swift */,
			);
			path = "View Controllers";
			sourceTree = "<group>";
		};
		F1AF720420CD95B400F79799 /* Products */ = {
			isa = PBXGroup;
			children = (
				F1AF720E20CD95B400F79799 /* Gzip.framework */,
				F1AF721020CD95B400F79799 /* Gzip.framework */,
				F1AF721220CD95B400F79799 /* Gzip.framework */,
				F1AF721420CD95B400F79799 /* Gzip.framework */,
				F1AF721620CD95B400F79799 /* Tests macOS.xctest */,
				F1AF721820CD95B400F79799 /* Tests iOS.xctest */,
			);
			name = Products;
			sourceTree = "<group>";
		};
/* End PBXGroup section */

/* Begin PBXHeadersBuildPhase section */
		F16D5BD020CC6970008B6F12 /* Headers */ = {
			isa = PBXHeadersBuildPhase;
			buildActionMask = 2147483647;
			files = (
				F16D5BE720CC6971008B6F12 /* KeePassSupport.h in Headers */,
			);
			runOnlyForDeploymentPostprocessing = 0;
		};
/* End PBXHeadersBuildPhase section */

/* Begin PBXNativeTarget section */
		F16D5B9C20CC6956008B6F12 /* KeePass */ = {
			isa = PBXNativeTarget;
			buildConfigurationList = F16D5BC720CC6958008B6F12 /* Build configuration list for PBXNativeTarget "KeePass" */;
			buildPhases = (
				F16D5B9920CC6956008B6F12 /* Sources */,
				F16D5B9A20CC6956008B6F12 /* Frameworks */,
				F16D5B9B20CC6956008B6F12 /* Resources */,
				F16D5BEF20CC6971008B6F12 /* Embed Frameworks */,
			);
			buildRules = (
			);
			dependencies = (
				F16D5BE920CC6971008B6F12 /* PBXTargetDependency */,
				F16AAC0120D32C43009807E5 /* PBXTargetDependency */,
				F18BB44C20D402EB00F92235 /* PBXTargetDependency */,
			);
			name = KeePass;
			productName = KeePass;
			productReference = F16D5B9D20CC6956008B6F12 /* KeePass.app */;
			productType = "com.apple.product-type.application";
		};
		F16D5BB220CC6957008B6F12 /* KeePassTests */ = {
			isa = PBXNativeTarget;
			buildConfigurationList = F16D5BCA20CC6958008B6F12 /* Build configuration list for PBXNativeTarget "KeePassTests" */;
			buildPhases = (
				F16D5BAF20CC6957008B6F12 /* Sources */,
				F16D5BB020CC6957008B6F12 /* Frameworks */,
				F16D5BB120CC6957008B6F12 /* Resources */,
			);
			buildRules = (
			);
			dependencies = (
				F16D5BB520CC6957008B6F12 /* PBXTargetDependency */,
			);
			name = KeePassTests;
			productName = KeePassTests;
			productReference = F16D5BB320CC6957008B6F12 /* KeePassTests.xctest */;
			productType = "com.apple.product-type.bundle.unit-test";
		};
		F16D5BBD20CC6958008B6F12 /* KeePassUITests */ = {
			isa = PBXNativeTarget;
			buildConfigurationList = F16D5BCD20CC6958008B6F12 /* Build configuration list for PBXNativeTarget "KeePassUITests" */;
			buildPhases = (
				F16D5BBA20CC6958008B6F12 /* Sources */,
				F16D5BBB20CC6958008B6F12 /* Frameworks */,
				F16D5BBC20CC6958008B6F12 /* Resources */,
			);
			buildRules = (
			);
			dependencies = (
				F16D5BC020CC6958008B6F12 /* PBXTargetDependency */,
			);
			name = KeePassUITests;
			productName = KeePassUITests;
			productReference = F16D5BBE20CC6958008B6F12 /* KeePassUITests.xctest */;
			productType = "com.apple.product-type.bundle.ui-testing";
		};
		F16D5BD420CC6970008B6F12 /* KeePassSupport */ = {
			isa = PBXNativeTarget;
			buildConfigurationList = F16D5BEC20CC6971008B6F12 /* Build configuration list for PBXNativeTarget "KeePassSupport" */;
			buildPhases = (
				F16D5BD020CC6970008B6F12 /* Headers */,
				F16D5BD120CC6970008B6F12 /* Sources */,
				F16D5BD220CC6970008B6F12 /* Frameworks */,
				F16D5BD320CC6970008B6F12 /* Resources */,
			);
			buildRules = (
			);
			dependencies = (
			);
			name = KeePassSupport;
			productName = KeePassSupport;
			productReference = F16D5BD520CC6970008B6F12 /* KeePassSupport.framework */;
			productType = "com.apple.product-type.framework";
		};
		F16D5BDC20CC6970008B6F12 /* KeePassSupportTests */ = {
			isa = PBXNativeTarget;
			buildConfigurationList = F16D5BF020CC6971008B6F12 /* Build configuration list for PBXNativeTarget "KeePassSupportTests" */;
			buildPhases = (
				F16D5BD920CC6970008B6F12 /* Sources */,
				F16D5BDA20CC6970008B6F12 /* Frameworks */,
				F16D5BDB20CC6970008B6F12 /* Resources */,
			);
			buildRules = (
			);
			dependencies = (
				F16D5BE020CC6971008B6F12 /* PBXTargetDependency */,
				F16D5BE220CC6971008B6F12 /* PBXTargetDependency */,
			);
			name = KeePassSupportTests;
			productName = KeePassSupportTests;
			productReference = F16D5BDD20CC6970008B6F12 /* KeePassSupportTests.xctest */;
			productType = "com.apple.product-type.bundle.unit-test";
		};
/* End PBXNativeTarget section */

/* Begin PBXProject section */
		F16D5B9520CC6956008B6F12 /* Project object */ = {
			isa = PBXProject;
			attributes = {
				LastSwiftUpdateCheck = 1000;
				LastUpgradeCheck = 1000;
				ORGANIZATIONNAME = "Donny Lawrence";
				TargetAttributes = {
					F16D5B9C20CC6956008B6F12 = {
						CreatedOnToolsVersion = 10.0;
						SystemCapabilities = {
							com.apple.iCloud = {
								enabled = 1;
							};
						};
					};
					F16D5BB220CC6957008B6F12 = {
						CreatedOnToolsVersion = 10.0;
						TestTargetID = F16D5B9C20CC6956008B6F12;
					};
					F16D5BBD20CC6958008B6F12 = {
						CreatedOnToolsVersion = 10.0;
						TestTargetID = F16D5B9C20CC6956008B6F12;
					};
					F16D5BD420CC6970008B6F12 = {
						CreatedOnToolsVersion = 10.0;
						LastSwiftMigration = 1000;
					};
					F16D5BDC20CC6970008B6F12 = {
						CreatedOnToolsVersion = 10.0;
						TestTargetID = F16D5B9C20CC6956008B6F12;
					};
				};
			};
			buildConfigurationList = F16D5B9820CC6956008B6F12 /* Build configuration list for PBXProject "KeePass" */;
			compatibilityVersion = "Xcode 9.3";
			developmentRegion = en;
			hasScannedForEncodings = 0;
			knownRegions = (
				en,
				Base,
			);
			mainGroup = F16D5B9420CC6956008B6F12;
			productRefGroup = F16D5B9E20CC6956008B6F12 /* Products */;
			projectDirPath = "";
			projectReferences = (
				{
					ProductGroup = F16AABE720D32BE5009807E5 /* Products */;
					ProjectRef = F16AABE620D32BE5009807E5 /* AEXML.xcodeproj */;
				},
				{
					ProductGroup = F1AF720420CD95B400F79799 /* Products */;
					ProjectRef = F1AF720320CD95B400F79799 /* Gzip.xcodeproj */;
				},
			);
			projectRoot = "";
			targets = (
				F16D5B9C20CC6956008B6F12 /* KeePass */,
				F16D5BB220CC6957008B6F12 /* KeePassTests */,
				F16D5BBD20CC6958008B6F12 /* KeePassUITests */,
				F16D5BD420CC6970008B6F12 /* KeePassSupport */,
				F16D5BDC20CC6970008B6F12 /* KeePassSupportTests */,
			);
		};
/* End PBXProject section */

/* Begin PBXReferenceProxy section */
		F16AABF120D32BE5009807E5 /* AEXML.framework */ = {
			isa = PBXReferenceProxy;
			fileType = wrapper.framework;
			path = AEXML.framework;
			remoteRef = F16AABF020D32BE5009807E5 /* PBXContainerItemProxy */;
			sourceTree = BUILT_PRODUCTS_DIR;
		};
		F16AABF320D32BE5009807E5 /* AEXML.framework */ = {
			isa = PBXReferenceProxy;
			fileType = wrapper.framework;
			path = AEXML.framework;
			remoteRef = F16AABF220D32BE5009807E5 /* PBXContainerItemProxy */;
			sourceTree = BUILT_PRODUCTS_DIR;
		};
		F16AABF520D32BE5009807E5 /* AEXML iOS Tests.xctest */ = {
			isa = PBXReferenceProxy;
			fileType = wrapper.cfbundle;
			path = "AEXML iOS Tests.xctest";
			remoteRef = F16AABF420D32BE5009807E5 /* PBXContainerItemProxy */;
			sourceTree = BUILT_PRODUCTS_DIR;
		};
		F16AABF720D32BE5009807E5 /* AEXML.framework */ = {
			isa = PBXReferenceProxy;
			fileType = wrapper.framework;
			path = AEXML.framework;
			remoteRef = F16AABF620D32BE5009807E5 /* PBXContainerItemProxy */;
			sourceTree = BUILT_PRODUCTS_DIR;
		};
		F16AABF920D32BE5009807E5 /* AEXML tvOS Tests.xctest */ = {
			isa = PBXReferenceProxy;
			fileType = wrapper.cfbundle;
			path = "AEXML tvOS Tests.xctest";
			remoteRef = F16AABF820D32BE5009807E5 /* PBXContainerItemProxy */;
			sourceTree = BUILT_PRODUCTS_DIR;
		};
		F16AABFB20D32BE5009807E5 /* AEXML.framework */ = {
			isa = PBXReferenceProxy;
			fileType = wrapper.framework;
			path = AEXML.framework;
			remoteRef = F16AABFA20D32BE5009807E5 /* PBXContainerItemProxy */;
			sourceTree = BUILT_PRODUCTS_DIR;
		};
		F16AABFD20D32BE5009807E5 /* AEXML OSX Tests.xctest */ = {
			isa = PBXReferenceProxy;
			fileType = wrapper.cfbundle;
			path = "AEXML OSX Tests.xctest";
			remoteRef = F16AABFC20D32BE5009807E5 /* PBXContainerItemProxy */;
			sourceTree = BUILT_PRODUCTS_DIR;
		};
		F1AF720E20CD95B400F79799 /* Gzip.framework */ = {
			isa = PBXReferenceProxy;
			fileType = wrapper.framework;
			path = Gzip.framework;
			remoteRef = F1AF720D20CD95B400F79799 /* PBXContainerItemProxy */;
			sourceTree = BUILT_PRODUCTS_DIR;
		};
		F1AF721020CD95B400F79799 /* Gzip.framework */ = {
			isa = PBXReferenceProxy;
			fileType = wrapper.framework;
			path = Gzip.framework;
			remoteRef = F1AF720F20CD95B400F79799 /* PBXContainerItemProxy */;
			sourceTree = BUILT_PRODUCTS_DIR;
		};
		F1AF721220CD95B400F79799 /* Gzip.framework */ = {
			isa = PBXReferenceProxy;
			fileType = wrapper.framework;
			path = Gzip.framework;
			remoteRef = F1AF721120CD95B400F79799 /* PBXContainerItemProxy */;
			sourceTree = BUILT_PRODUCTS_DIR;
		};
		F1AF721420CD95B400F79799 /* Gzip.framework */ = {
			isa = PBXReferenceProxy;
			fileType = wrapper.framework;
			path = Gzip.framework;
			remoteRef = F1AF721320CD95B400F79799 /* PBXContainerItemProxy */;
			sourceTree = BUILT_PRODUCTS_DIR;
		};
		F1AF721620CD95B400F79799 /* Tests macOS.xctest */ = {
			isa = PBXReferenceProxy;
			fileType = wrapper.cfbundle;
			path = "Tests macOS.xctest";
			remoteRef = F1AF721520CD95B400F79799 /* PBXContainerItemProxy */;
			sourceTree = BUILT_PRODUCTS_DIR;
		};
		F1AF721820CD95B400F79799 /* Tests iOS.xctest */ = {
			isa = PBXReferenceProxy;
			fileType = wrapper.cfbundle;
			path = "Tests iOS.xctest";
			remoteRef = F1AF721720CD95B400F79799 /* PBXContainerItemProxy */;
			sourceTree = BUILT_PRODUCTS_DIR;
		};
/* End PBXReferenceProxy section */

/* Begin PBXResourcesBuildPhase section */
		F16D5B9B20CC6956008B6F12 /* Resources */ = {
			isa = PBXResourcesBuildPhase;
			buildActionMask = 2147483647;
			files = (
				F16D5BFB20CC6A62008B6F12 /* Test.kdbx in Resources */,
				F16D5BAD20CC6957008B6F12 /* LaunchScreen.storyboard in Resources */,
				F16D5BAA20CC6957008B6F12 /* Assets.xcassets in Resources */,
				F16D5BA820CC6956008B6F12 /* Main.storyboard in Resources */,
				F18BB45420D4074400F92235 /* Default.xml in Resources */,
			);
			runOnlyForDeploymentPostprocessing = 0;
		};
		F16D5BB120CC6957008B6F12 /* Resources */ = {
			isa = PBXResourcesBuildPhase;
			buildActionMask = 2147483647;
			files = (
			);
			runOnlyForDeploymentPostprocessing = 0;
		};
		F16D5BBC20CC6958008B6F12 /* Resources */ = {
			isa = PBXResourcesBuildPhase;
			buildActionMask = 2147483647;
			files = (
			);
			runOnlyForDeploymentPostprocessing = 0;
		};
		F16D5BD320CC6970008B6F12 /* Resources */ = {
			isa = PBXResourcesBuildPhase;
			buildActionMask = 2147483647;
			files = (
			);
			runOnlyForDeploymentPostprocessing = 0;
		};
		F16D5BDB20CC6970008B6F12 /* Resources */ = {
			isa = PBXResourcesBuildPhase;
			buildActionMask = 2147483647;
			files = (
			);
			runOnlyForDeploymentPostprocessing = 0;
		};
/* End PBXResourcesBuildPhase section */

/* Begin PBXSourcesBuildPhase section */
		F16D5B9920CC6956008B6F12 /* Sources */ = {
			isa = PBXSourcesBuildPhase;
			buildActionMask = 2147483647;
			files = (
				F16AABC820D2B470009807E5 /* FileManagement.swift in Sources */,
				F16D5BA520CC6956008B6F12 /* DetailViewController.swift in Sources */,
				F16AABCD20D2FF97009807E5 /* KDBXDocument.swift in Sources */,
				F1A3533E20D5E7E9000AABB3 /* PasswordViewController.swift in Sources */,
				F18FC50920D47D200070301A /* Persistence.swift in Sources */,
				F16D5BA320CC6956008B6F12 /* MasterViewController.swift in Sources */,
				F16D5BA120CC6956008B6F12 /* AppDelegate.swift in Sources */,
			);
			runOnlyForDeploymentPostprocessing = 0;
		};
		F16D5BAF20CC6957008B6F12 /* Sources */ = {
			isa = PBXSourcesBuildPhase;
			buildActionMask = 2147483647;
			files = (
				F16D5BB820CC6958008B6F12 /* KeePassTests.swift in Sources */,
			);
			runOnlyForDeploymentPostprocessing = 0;
		};
		F16D5BBA20CC6958008B6F12 /* Sources */ = {
			isa = PBXSourcesBuildPhase;
			buildActionMask = 2147483647;
			files = (
				F16D5BC320CC6958008B6F12 /* KeePassUITests.swift in Sources */,
			);
			runOnlyForDeploymentPostprocessing = 0;
		};
		F16D5BD120CC6970008B6F12 /* Sources */ = {
			isa = PBXSourcesBuildPhase;
			buildActionMask = 2147483647;
			files = (
				F18BB45820D4394400F92235 /* FixedWidthInteger+Bytes.swift in Sources */,
				F16D5BF420CC69A2008B6F12 /* KDBXCryptoHandler.swift in Sources */,
				F16D5BF820CC69AB008B6F12 /* AES.swift in Sources */,
				F16D5BF920CC69AB008B6F12 /* ByteArray+Crypto.swift in Sources */,
			);
			runOnlyForDeploymentPostprocessing = 0;
		};
		F16D5BD920CC6970008B6F12 /* Sources */ = {
			isa = PBXSourcesBuildPhase;
			buildActionMask = 2147483647;
			files = (
				F16D5BE520CC6971008B6F12 /* KeePassSupportTests.swift in Sources */,
			);
			runOnlyForDeploymentPostprocessing = 0;
		};
/* End PBXSourcesBuildPhase section */

/* Begin PBXTargetDependency section */
		F16AAC0120D32C43009807E5 /* PBXTargetDependency */ = {
			isa = PBXTargetDependency;
			name = "AEXML iOS";
			targetProxy = F16AAC0020D32C43009807E5 /* PBXContainerItemProxy */;
		};
		F16D5BB520CC6957008B6F12 /* PBXTargetDependency */ = {
			isa = PBXTargetDependency;
			target = F16D5B9C20CC6956008B6F12 /* KeePass */;
			targetProxy = F16D5BB420CC6957008B6F12 /* PBXContainerItemProxy */;
		};
		F16D5BC020CC6958008B6F12 /* PBXTargetDependency */ = {
			isa = PBXTargetDependency;
			target = F16D5B9C20CC6956008B6F12 /* KeePass */;
			targetProxy = F16D5BBF20CC6958008B6F12 /* PBXContainerItemProxy */;
		};
		F16D5BE020CC6971008B6F12 /* PBXTargetDependency */ = {
			isa = PBXTargetDependency;
			target = F16D5BD420CC6970008B6F12 /* KeePassSupport */;
			targetProxy = F16D5BDF20CC6971008B6F12 /* PBXContainerItemProxy */;
		};
		F16D5BE220CC6971008B6F12 /* PBXTargetDependency */ = {
			isa = PBXTargetDependency;
			target = F16D5B9C20CC6956008B6F12 /* KeePass */;
			targetProxy = F16D5BE120CC6971008B6F12 /* PBXContainerItemProxy */;
		};
		F16D5BE920CC6971008B6F12 /* PBXTargetDependency */ = {
			isa = PBXTargetDependency;
			target = F16D5BD420CC6970008B6F12 /* KeePassSupport */;
			targetProxy = F16D5BE820CC6971008B6F12 /* PBXContainerItemProxy */;
		};
		F18BB44C20D402EB00F92235 /* PBXTargetDependency */ = {
			isa = PBXTargetDependency;
			name = "Gzip iOS";
			targetProxy = F18BB44B20D402EB00F92235 /* PBXContainerItemProxy */;
		};
/* End PBXTargetDependency section */

/* Begin PBXVariantGroup section */
		F16D5BA620CC6956008B6F12 /* Main.storyboard */ = {
			isa = PBXVariantGroup;
			children = (
				F16D5BA720CC6956008B6F12 /* Base */,
			);
			name = Main.storyboard;
			sourceTree = "<group>";
		};
		F16D5BAB20CC6957008B6F12 /* LaunchScreen.storyboard */ = {
			isa = PBXVariantGroup;
			children = (
				F16D5BAC20CC6957008B6F12 /* Base */,
			);
			name = LaunchScreen.storyboard;
			sourceTree = "<group>";
		};
/* End PBXVariantGroup section */

/* Begin XCBuildConfiguration section */
		F16D5BC520CC6958008B6F12 /* Debug */ = {
			isa = XCBuildConfiguration;
			buildSettings = {
				ALWAYS_SEARCH_USER_PATHS = NO;
				CLANG_ANALYZER_NONNULL = YES;
				CLANG_ANALYZER_NUMBER_OBJECT_CONVERSION = YES_AGGRESSIVE;
				CLANG_CXX_LANGUAGE_STANDARD = "gnu++14";
				CLANG_CXX_LIBRARY = "libc++";
				CLANG_ENABLE_MODULES = YES;
				CLANG_ENABLE_OBJC_ARC = YES;
				CLANG_ENABLE_OBJC_WEAK = YES;
				CLANG_WARN_BLOCK_CAPTURE_AUTORELEASING = YES;
				CLANG_WARN_BOOL_CONVERSION = YES;
				CLANG_WARN_COMMA = YES;
				CLANG_WARN_CONSTANT_CONVERSION = YES;
				CLANG_WARN_DEPRECATED_OBJC_IMPLEMENTATIONS = YES;
				CLANG_WARN_DIRECT_OBJC_ISA_USAGE = YES_ERROR;
				CLANG_WARN_DOCUMENTATION_COMMENTS = YES;
				CLANG_WARN_EMPTY_BODY = YES;
				CLANG_WARN_ENUM_CONVERSION = YES;
				CLANG_WARN_INFINITE_RECURSION = YES;
				CLANG_WARN_INT_CONVERSION = YES;
				CLANG_WARN_NON_LITERAL_NULL_CONVERSION = YES;
				CLANG_WARN_OBJC_IMPLICIT_RETAIN_SELF = YES;
				CLANG_WARN_OBJC_LITERAL_CONVERSION = YES;
				CLANG_WARN_OBJC_ROOT_CLASS = YES_ERROR;
				CLANG_WARN_RANGE_LOOP_ANALYSIS = YES;
				CLANG_WARN_STRICT_PROTOTYPES = YES;
				CLANG_WARN_SUSPICIOUS_MOVE = YES;
				CLANG_WARN_UNGUARDED_AVAILABILITY = YES_AGGRESSIVE;
				CLANG_WARN_UNREACHABLE_CODE = YES;
				CLANG_WARN__DUPLICATE_METHOD_MATCH = YES;
				CODE_SIGN_IDENTITY = "iPhone Developer";
				COPY_PHASE_STRIP = NO;
				DEBUG_INFORMATION_FORMAT = dwarf;
				ENABLE_STRICT_OBJC_MSGSEND = YES;
				ENABLE_TESTABILITY = YES;
				GCC_C_LANGUAGE_STANDARD = gnu11;
				GCC_DYNAMIC_NO_PIC = NO;
				GCC_NO_COMMON_BLOCKS = YES;
				GCC_OPTIMIZATION_LEVEL = 0;
				GCC_PREPROCESSOR_DEFINITIONS = (
					"DEBUG=1",
					"$(inherited)",
				);
				GCC_WARN_64_TO_32_BIT_CONVERSION = YES;
				GCC_WARN_ABOUT_RETURN_TYPE = YES_ERROR;
				GCC_WARN_UNDECLARED_SELECTOR = YES;
				GCC_WARN_UNINITIALIZED_AUTOS = YES_AGGRESSIVE;
				GCC_WARN_UNUSED_FUNCTION = YES;
				GCC_WARN_UNUSED_VARIABLE = YES;
				IPHONEOS_DEPLOYMENT_TARGET = 12.0;
				MTL_ENABLE_DEBUG_INFO = INCLUDE_SOURCE;
				ONLY_ACTIVE_ARCH = YES;
				SDKROOT = iphoneos;
				SWIFT_ACTIVE_COMPILATION_CONDITIONS = DEBUG;
				SWIFT_OPTIMIZATION_LEVEL = "-Onone";
			};
			name = Debug;
		};
		F16D5BC620CC6958008B6F12 /* Release */ = {
			isa = XCBuildConfiguration;
			buildSettings = {
				ALWAYS_SEARCH_USER_PATHS = NO;
				CLANG_ANALYZER_NONNULL = YES;
				CLANG_ANALYZER_NUMBER_OBJECT_CONVERSION = YES_AGGRESSIVE;
				CLANG_CXX_LANGUAGE_STANDARD = "gnu++14";
				CLANG_CXX_LIBRARY = "libc++";
				CLANG_ENABLE_MODULES = YES;
				CLANG_ENABLE_OBJC_ARC = YES;
				CLANG_ENABLE_OBJC_WEAK = YES;
				CLANG_WARN_BLOCK_CAPTURE_AUTORELEASING = YES;
				CLANG_WARN_BOOL_CONVERSION = YES;
				CLANG_WARN_COMMA = YES;
				CLANG_WARN_CONSTANT_CONVERSION = YES;
				CLANG_WARN_DEPRECATED_OBJC_IMPLEMENTATIONS = YES;
				CLANG_WARN_DIRECT_OBJC_ISA_USAGE = YES_ERROR;
				CLANG_WARN_DOCUMENTATION_COMMENTS = YES;
				CLANG_WARN_EMPTY_BODY = YES;
				CLANG_WARN_ENUM_CONVERSION = YES;
				CLANG_WARN_INFINITE_RECURSION = YES;
				CLANG_WARN_INT_CONVERSION = YES;
				CLANG_WARN_NON_LITERAL_NULL_CONVERSION = YES;
				CLANG_WARN_OBJC_IMPLICIT_RETAIN_SELF = YES;
				CLANG_WARN_OBJC_LITERAL_CONVERSION = YES;
				CLANG_WARN_OBJC_ROOT_CLASS = YES_ERROR;
				CLANG_WARN_RANGE_LOOP_ANALYSIS = YES;
				CLANG_WARN_STRICT_PROTOTYPES = YES;
				CLANG_WARN_SUSPICIOUS_MOVE = YES;
				CLANG_WARN_UNGUARDED_AVAILABILITY = YES_AGGRESSIVE;
				CLANG_WARN_UNREACHABLE_CODE = YES;
				CLANG_WARN__DUPLICATE_METHOD_MATCH = YES;
				CODE_SIGN_IDENTITY = "iPhone Developer";
				COPY_PHASE_STRIP = NO;
				DEBUG_INFORMATION_FORMAT = "dwarf-with-dsym";
				ENABLE_NS_ASSERTIONS = NO;
				ENABLE_STRICT_OBJC_MSGSEND = YES;
				GCC_C_LANGUAGE_STANDARD = gnu11;
				GCC_NO_COMMON_BLOCKS = YES;
				GCC_WARN_64_TO_32_BIT_CONVERSION = YES;
				GCC_WARN_ABOUT_RETURN_TYPE = YES_ERROR;
				GCC_WARN_UNDECLARED_SELECTOR = YES;
				GCC_WARN_UNINITIALIZED_AUTOS = YES_AGGRESSIVE;
				GCC_WARN_UNUSED_FUNCTION = YES;
				GCC_WARN_UNUSED_VARIABLE = YES;
				IPHONEOS_DEPLOYMENT_TARGET = 12.0;
				MTL_ENABLE_DEBUG_INFO = NO;
				SDKROOT = iphoneos;
				SWIFT_COMPILATION_MODE = wholemodule;
				SWIFT_OPTIMIZATION_LEVEL = "-O";
				VALIDATE_PRODUCT = YES;
			};
			name = Release;
		};
		F16D5BC820CC6958008B6F12 /* Debug */ = {
			isa = XCBuildConfiguration;
			buildSettings = {
				ALWAYS_EMBED_SWIFT_STANDARD_LIBRARIES = YES;
				ASSETCATALOG_COMPILER_APPICON_NAME = AppIcon;
				CODE_SIGN_ENTITLEMENTS = KeePass/KeePass.entitlements;
				CODE_SIGN_STYLE = Automatic;
				DEVELOPMENT_TEAM = WG8875WVRH;
				INFOPLIST_FILE = KeePass/Info.plist;
				IPHONEOS_DEPLOYMENT_TARGET = 11.4;
				LD_RUNPATH_SEARCH_PATHS = (
					"$(inherited)",
					"@executable_path/Frameworks",
				);
				PRODUCT_BUNDLE_IDENTIFIER = com.treamous.KeePass;
				PRODUCT_NAME = "$(TARGET_NAME)";
				SWIFT_VERSION = 4.2;
				TARGETED_DEVICE_FAMILY = "1,2";
			};
			name = Debug;
		};
		F16D5BC920CC6958008B6F12 /* Release */ = {
			isa = XCBuildConfiguration;
			buildSettings = {
				ALWAYS_EMBED_SWIFT_STANDARD_LIBRARIES = YES;
				ASSETCATALOG_COMPILER_APPICON_NAME = AppIcon;
				CODE_SIGN_ENTITLEMENTS = KeePass/KeePass.entitlements;
				CODE_SIGN_STYLE = Automatic;
				DEVELOPMENT_TEAM = WG8875WVRH;
				INFOPLIST_FILE = KeePass/Info.plist;
				IPHONEOS_DEPLOYMENT_TARGET = 11.4;
				LD_RUNPATH_SEARCH_PATHS = (
					"$(inherited)",
					"@executable_path/Frameworks",
				);
				PRODUCT_BUNDLE_IDENTIFIER = com.treamous.KeePass;
				PRODUCT_NAME = "$(TARGET_NAME)";
				SWIFT_VERSION = 4.2;
				TARGETED_DEVICE_FAMILY = "1,2";
			};
			name = Release;
		};
		F16D5BCB20CC6958008B6F12 /* Debug */ = {
			isa = XCBuildConfiguration;
			buildSettings = {
				ALWAYS_EMBED_SWIFT_STANDARD_LIBRARIES = YES;
				BUNDLE_LOADER = "$(TEST_HOST)";
				CODE_SIGN_STYLE = Automatic;
				DEVELOPMENT_TEAM = WG8875WVRH;
				INFOPLIST_FILE = KeePassTests/Info.plist;
				LD_RUNPATH_SEARCH_PATHS = (
					"$(inherited)",
					"@executable_path/Frameworks",
					"@loader_path/Frameworks",
				);
				PRODUCT_BUNDLE_IDENTIFIER = com.treamous.KeePassTests;
				PRODUCT_NAME = "$(TARGET_NAME)";
				SWIFT_VERSION = 4.2;
				TARGETED_DEVICE_FAMILY = "1,2";
				TEST_HOST = "$(BUILT_PRODUCTS_DIR)/KeePass.app/KeePass";
			};
			name = Debug;
		};
		F16D5BCC20CC6958008B6F12 /* Release */ = {
			isa = XCBuildConfiguration;
			buildSettings = {
				ALWAYS_EMBED_SWIFT_STANDARD_LIBRARIES = YES;
				BUNDLE_LOADER = "$(TEST_HOST)";
				CODE_SIGN_STYLE = Automatic;
				DEVELOPMENT_TEAM = WG8875WVRH;
				INFOPLIST_FILE = KeePassTests/Info.plist;
				LD_RUNPATH_SEARCH_PATHS = (
					"$(inherited)",
					"@executable_path/Frameworks",
					"@loader_path/Frameworks",
				);
				PRODUCT_BUNDLE_IDENTIFIER = com.treamous.KeePassTests;
				PRODUCT_NAME = "$(TARGET_NAME)";
				SWIFT_VERSION = 4.2;
				TARGETED_DEVICE_FAMILY = "1,2";
				TEST_HOST = "$(BUILT_PRODUCTS_DIR)/KeePass.app/KeePass";
			};
			name = Release;
		};
		F16D5BCE20CC6958008B6F12 /* Debug */ = {
			isa = XCBuildConfiguration;
			buildSettings = {
				ALWAYS_EMBED_SWIFT_STANDARD_LIBRARIES = YES;
				CODE_SIGN_STYLE = Automatic;
				DEVELOPMENT_TEAM = WG8875WVRH;
				INFOPLIST_FILE = KeePassUITests/Info.plist;
				LD_RUNPATH_SEARCH_PATHS = (
					"$(inherited)",
					"@executable_path/Frameworks",
					"@loader_path/Frameworks",
				);
				PRODUCT_BUNDLE_IDENTIFIER = com.treamous.KeePassUITests;
				PRODUCT_NAME = "$(TARGET_NAME)";
				SWIFT_VERSION = 4.2;
				TARGETED_DEVICE_FAMILY = "1,2";
				TEST_TARGET_NAME = KeePass;
			};
			name = Debug;
		};
		F16D5BCF20CC6958008B6F12 /* Release */ = {
			isa = XCBuildConfiguration;
			buildSettings = {
				ALWAYS_EMBED_SWIFT_STANDARD_LIBRARIES = YES;
				CODE_SIGN_STYLE = Automatic;
				DEVELOPMENT_TEAM = WG8875WVRH;
				INFOPLIST_FILE = KeePassUITests/Info.plist;
				LD_RUNPATH_SEARCH_PATHS = (
					"$(inherited)",
					"@executable_path/Frameworks",
					"@loader_path/Frameworks",
				);
				PRODUCT_BUNDLE_IDENTIFIER = com.treamous.KeePassUITests;
				PRODUCT_NAME = "$(TARGET_NAME)";
				SWIFT_VERSION = 4.2;
				TARGETED_DEVICE_FAMILY = "1,2";
				TEST_TARGET_NAME = KeePass;
			};
			name = Release;
		};
		F16D5BED20CC6971008B6F12 /* Debug */ = {
			isa = XCBuildConfiguration;
			buildSettings = {
				ALWAYS_EMBED_SWIFT_STANDARD_LIBRARIES = YES;
				CLANG_ENABLE_MODULES = YES;
				CODE_SIGN_IDENTITY = "";
				CODE_SIGN_STYLE = Automatic;
				CURRENT_PROJECT_VERSION = 1;
				DEFINES_MODULE = YES;
				DEVELOPMENT_TEAM = WG8875WVRH;
				DYLIB_COMPATIBILITY_VERSION = 1;
				DYLIB_CURRENT_VERSION = 1;
				DYLIB_INSTALL_NAME_BASE = "@rpath";
				INFOPLIST_FILE = KeePassSupport/Info.plist;
				INSTALL_PATH = "$(LOCAL_LIBRARY_DIR)/Frameworks";
				IPHONEOS_DEPLOYMENT_TARGET = 11.4;
				LD_RUNPATH_SEARCH_PATHS = (
					"$(inherited)",
					"@executable_path/Frameworks",
					"@loader_path/Frameworks",
				);
				PRODUCT_BUNDLE_IDENTIFIER = com.treamous.KeePassSupport;
				PRODUCT_NAME = "$(TARGET_NAME:c99extidentifier)";
				SKIP_INSTALL = YES;
				SWIFT_INSTALL_OBJC_HEADER = YES;
				SWIFT_OPTIMIZATION_LEVEL = "-Onone";
				SWIFT_VERSION = 4.2;
				TARGETED_DEVICE_FAMILY = "1,2";
				VERSIONING_SYSTEM = "apple-generic";
				VERSION_INFO_PREFIX = "";
			};
			name = Debug;
		};
		F16D5BEE20CC6971008B6F12 /* Release */ = {
			isa = XCBuildConfiguration;
			buildSettings = {
				ALWAYS_EMBED_SWIFT_STANDARD_LIBRARIES = YES;
				CLANG_ENABLE_MODULES = YES;
				CODE_SIGN_IDENTITY = "";
				CODE_SIGN_STYLE = Automatic;
				CURRENT_PROJECT_VERSION = 1;
				DEFINES_MODULE = YES;
				DEVELOPMENT_TEAM = WG8875WVRH;
				DYLIB_COMPATIBILITY_VERSION = 1;
				DYLIB_CURRENT_VERSION = 1;
				DYLIB_INSTALL_NAME_BASE = "@rpath";
				INFOPLIST_FILE = KeePassSupport/Info.plist;
				INSTALL_PATH = "$(LOCAL_LIBRARY_DIR)/Frameworks";
				IPHONEOS_DEPLOYMENT_TARGET = 11.4;
				LD_RUNPATH_SEARCH_PATHS = (
					"$(inherited)",
					"@executable_path/Frameworks",
					"@loader_path/Frameworks",
				);
				PRODUCT_BUNDLE_IDENTIFIER = com.treamous.KeePassSupport;
				PRODUCT_NAME = "$(TARGET_NAME:c99extidentifier)";
				SKIP_INSTALL = YES;
				SWIFT_INSTALL_OBJC_HEADER = YES;
				SWIFT_VERSION = 4.2;
				TARGETED_DEVICE_FAMILY = "1,2";
				VERSIONING_SYSTEM = "apple-generic";
				VERSION_INFO_PREFIX = "";
			};
			name = Release;
		};
		F16D5BF120CC6971008B6F12 /* Debug */ = {
			isa = XCBuildConfiguration;
			buildSettings = {
				ALWAYS_EMBED_SWIFT_STANDARD_LIBRARIES = YES;
				CODE_SIGN_STYLE = Automatic;
				DEVELOPMENT_TEAM = WG8875WVRH;
				INFOPLIST_FILE = KeePassSupportTests/Info.plist;
				LD_RUNPATH_SEARCH_PATHS = (
					"$(inherited)",
					"@executable_path/Frameworks",
					"@loader_path/Frameworks",
				);
				PRODUCT_BUNDLE_IDENTIFIER = com.treamous.KeePassSupportTests;
				PRODUCT_NAME = "$(TARGET_NAME)";
				SWIFT_VERSION = 4.2;
				TARGETED_DEVICE_FAMILY = "1,2";
				TEST_HOST = "$(BUILT_PRODUCTS_DIR)/KeePass.app/KeePass";
			};
			name = Debug;
		};
		F16D5BF220CC6971008B6F12 /* Release */ = {
			isa = XCBuildConfiguration;
			buildSettings = {
				ALWAYS_EMBED_SWIFT_STANDARD_LIBRARIES = YES;
				CODE_SIGN_STYLE = Automatic;
				DEVELOPMENT_TEAM = WG8875WVRH;
				INFOPLIST_FILE = KeePassSupportTests/Info.plist;
				LD_RUNPATH_SEARCH_PATHS = (
					"$(inherited)",
					"@executable_path/Frameworks",
					"@loader_path/Frameworks",
				);
				PRODUCT_BUNDLE_IDENTIFIER = com.treamous.KeePassSupportTests;
				PRODUCT_NAME = "$(TARGET_NAME)";
				SWIFT_VERSION = 4.2;
				TARGETED_DEVICE_FAMILY = "1,2";
				TEST_HOST = "$(BUILT_PRODUCTS_DIR)/KeePass.app/KeePass";
			};
			name = Release;
		};
/* End XCBuildConfiguration section */

/* Begin XCConfigurationList section */
		F16D5B9820CC6956008B6F12 /* Build configuration list for PBXProject "KeePass" */ = {
			isa = XCConfigurationList;
			buildConfigurations = (
				F16D5BC520CC6958008B6F12 /* Debug */,
				F16D5BC620CC6958008B6F12 /* Release */,
			);
			defaultConfigurationIsVisible = 0;
			defaultConfigurationName = Release;
		};
		F16D5BC720CC6958008B6F12 /* Build configuration list for PBXNativeTarget "KeePass" */ = {
			isa = XCConfigurationList;
			buildConfigurations = (
				F16D5BC820CC6958008B6F12 /* Debug */,
				F16D5BC920CC6958008B6F12 /* Release */,
			);
			defaultConfigurationIsVisible = 0;
			defaultConfigurationName = Release;
		};
		F16D5BCA20CC6958008B6F12 /* Build configuration list for PBXNativeTarget "KeePassTests" */ = {
			isa = XCConfigurationList;
			buildConfigurations = (
				F16D5BCB20CC6958008B6F12 /* Debug */,
				F16D5BCC20CC6958008B6F12 /* Release */,
			);
			defaultConfigurationIsVisible = 0;
			defaultConfigurationName = Release;
		};
		F16D5BCD20CC6958008B6F12 /* Build configuration list for PBXNativeTarget "KeePassUITests" */ = {
			isa = XCConfigurationList;
			buildConfigurations = (
				F16D5BCE20CC6958008B6F12 /* Debug */,
				F16D5BCF20CC6958008B6F12 /* Release */,
			);
			defaultConfigurationIsVisible = 0;
			defaultConfigurationName = Release;
		};
		F16D5BEC20CC6971008B6F12 /* Build configuration list for PBXNativeTarget "KeePassSupport" */ = {
			isa = XCConfigurationList;
			buildConfigurations = (
				F16D5BED20CC6971008B6F12 /* Debug */,
				F16D5BEE20CC6971008B6F12 /* Release */,
			);
			defaultConfigurationIsVisible = 0;
			defaultConfigurationName = Release;
		};
		F16D5BF020CC6971008B6F12 /* Build configuration list for PBXNativeTarget "KeePassSupportTests" */ = {
			isa = XCConfigurationList;
			buildConfigurations = (
				F16D5BF120CC6971008B6F12 /* Debug */,
				F16D5BF220CC6971008B6F12 /* Release */,
			);
			defaultConfigurationIsVisible = 0;
			defaultConfigurationName = Release;
		};
/* End XCConfigurationList section */
	};
	rootObject = F16D5B9520CC6956008B6F12 /* Project object */;
}
