// !$*UTF8*$!
{
	archiveVersion = 1;
	classes = {
	};
	objectVersion = 50;
	objects = {

/* Begin PBXBuildFile section */
		F174DB45215C66C80035AD37 /* KDBXFile.swift in Sources */ = {isa = PBXBuildFile; fileRef = F174DB44215C66C80035AD37 /* KDBXFile.swift */; };
		F178088B2157030000271E67 /* KeePassSupport.framework in Frameworks */ = {isa = PBXBuildFile; fileRef = F1780882215702FF00271E67 /* KeePassSupport.framework */; };
		F17808922157030000271E67 /* KeePassSupportTests.swift in Sources */ = {isa = PBXBuildFile; fileRef = F17808912157030000271E67 /* KeePassSupportTests.swift */; };
		F17808942157030000271E67 /* KeePassSupport.h in Headers */ = {isa = PBXBuildFile; fileRef = F17808842157030000271E67 /* KeePassSupport.h */; settings = {ATTRIBUTES = (Public, ); }; };
		F17808972157030000271E67 /* KeePassSupport.framework in Frameworks */ = {isa = PBXBuildFile; fileRef = F1780882215702FF00271E67 /* KeePassSupport.framework */; };
		F17808982157030000271E67 /* KeePassSupport.framework in Embed Frameworks */ = {isa = PBXBuildFile; fileRef = F1780882215702FF00271E67 /* KeePassSupport.framework */; settings = {ATTRIBUTES = (CodeSignOnCopy, RemoveHeadersOnCopy, ); }; };
		F17808AE2157034D00271E67 /* KDBString.swift in Sources */ = {isa = PBXBuildFile; fileRef = F17808A12157034C00271E67 /* KDBString.swift */; };
		F17808AF2157034D00271E67 /* KDBEntry.swift in Sources */ = {isa = PBXBuildFile; fileRef = F17808A22157034D00271E67 /* KDBEntry.swift */; };
		F17808B02157034D00271E67 /* KDBDatabase.swift in Sources */ = {isa = PBXBuildFile; fileRef = F17808A32157034D00271E67 /* KDBDatabase.swift */; };
		F17808B12157034D00271E67 /* KDBXDatabase.swift in Sources */ = {isa = PBXBuildFile; fileRef = F17808A52157034D00271E67 /* KDBXDatabase.swift */; };
		F17808B22157034D00271E67 /* KDBXXMLElement.swift in Sources */ = {isa = PBXBuildFile; fileRef = F17808A62157034D00271E67 /* KDBXXMLElement.swift */; };
		F17808B32157034D00271E67 /* KDBXEntry.swift in Sources */ = {isa = PBXBuildFile; fileRef = F17808A72157034D00271E67 /* KDBXEntry.swift */; };
		F17808B42157034D00271E67 /* KDBXGroup.swift in Sources */ = {isa = PBXBuildFile; fileRef = F17808A82157034D00271E67 /* KDBXGroup.swift */; };
		F17808B52157034D00271E67 /* KDBXDict.swift in Sources */ = {isa = PBXBuildFile; fileRef = F17808AA2157034D00271E67 /* KDBXDict.swift */; };
		F17808B62157034D00271E67 /* KDBXList.swift in Sources */ = {isa = PBXBuildFile; fileRef = F17808AB2157034D00271E67 /* KDBXList.swift */; };
		F17808B72157034D00271E67 /* KDBXString.swift in Sources */ = {isa = PBXBuildFile; fileRef = F17808AC2157034D00271E67 /* KDBXString.swift */; };
		F17808B82157034D00271E67 /* KDBGroup.swift in Sources */ = {isa = PBXBuildFile; fileRef = F17808AD2157034D00271E67 /* KDBGroup.swift */; };
		F17808BF2157036500271E67 /* AES.swift in Sources */ = {isa = PBXBuildFile; fileRef = F17808BA2157036500271E67 /* AES.swift */; };
		F17808C02157036500271E67 /* KDBXHeader.swift in Sources */ = {isa = PBXBuildFile; fileRef = F17808BB2157036500271E67 /* KDBXHeader.swift */; };
		F17808C12157036500271E67 /* FixedWidthInteger+Bytes.swift in Sources */ = {isa = PBXBuildFile; fileRef = F17808BD2157036500271E67 /* FixedWidthInteger+Bytes.swift */; };
		F17808C22157036500271E67 /* ByteArray+Crypto.swift in Sources */ = {isa = PBXBuildFile; fileRef = F17808BE2157036500271E67 /* ByteArray+Crypto.swift */; };
		F178098B2157048000271E67 /* Gzip.framework in Frameworks */ = {isa = PBXBuildFile; fileRef = F178097F2157044300271E67 /* Gzip.framework */; };
		F178098D215704CA00271E67 /* Gzip.framework in Embed Frameworks */ = {isa = PBXBuildFile; fileRef = F178097F2157044300271E67 /* Gzip.framework */; settings = {ATTRIBUTES = (CodeSignOnCopy, RemoveHeadersOnCopy, ); }; };
		F17809A82157056E00271E67 /* AEXML.framework in Frameworks */ = {isa = PBXBuildFile; fileRef = F178099B2157052F00271E67 /* AEXML.framework */; };
		F17809AC2157057E00271E67 /* AEXML.framework in Embed Frameworks */ = {isa = PBXBuildFile; fileRef = F178099B2157052F00271E67 /* AEXML.framework */; settings = {ATTRIBUTES = (CodeSignOnCopy, RemoveHeadersOnCopy, ); }; };
		F17809B2215705BB00271E67 /* AEXMLElement+Extensions.swift in Sources */ = {isa = PBXBuildFile; fileRef = F17809B1215705BB00271E67 /* AEXMLElement+Extensions.swift */; };
		F17809D1215706C600271E67 /* salsa20.h in Headers */ = {isa = PBXBuildFile; fileRef = F17809CF215706C600271E67 /* salsa20.h */; settings = {ATTRIBUTES = (Public, ); }; };
		F17809D2215706C600271E67 /* salsa20.c in Sources */ = {isa = PBXBuildFile; fileRef = F17809D0215706C600271E67 /* salsa20.c */; };
		F17809D3215706F600271E67 /* Salsa20.framework in Frameworks */ = {isa = PBXBuildFile; fileRef = F17809C32157067B00271E67 /* Salsa20.framework */; };
		F17809D72157072C00271E67 /* Salsa20.framework in Embed Frameworks */ = {isa = PBXBuildFile; fileRef = F17809C32157067B00271E67 /* Salsa20.framework */; settings = {ATTRIBUTES = (CodeSignOnCopy, RemoveHeadersOnCopy, ); }; };
		F1780A1E215707AB00271E67 /* Assets.xcassets in Resources */ = {isa = PBXBuildFile; fileRef = F1780A06215707AB00271E67 /* Assets.xcassets */; };
		F1780A1F215707AB00271E67 /* KDBXDocument.swift in Sources */ = {isa = PBXBuildFile; fileRef = F1780A08215707AB00271E67 /* KDBXDocument.swift */; };
		F1780A20215707AB00271E67 /* LaunchScreen.storyboard in Resources */ = {isa = PBXBuildFile; fileRef = F1780A09215707AB00271E67 /* LaunchScreen.storyboard */; };
		F1780A21215707AB00271E67 /* Shared.storyboard in Resources */ = {isa = PBXBuildFile; fileRef = F1780A0A215707AB00271E67 /* Shared.storyboard */; };
		F1780A22215707AB00271E67 /* Main.storyboard in Resources */ = {isa = PBXBuildFile; fileRef = F1780A0B215707AB00271E67 /* Main.storyboard */; };
		F1780A23215707AB00271E67 /* SplitViewController.swift in Sources */ = {isa = PBXBuildFile; fileRef = F1780A0D215707AB00271E67 /* SplitViewController.swift */; };
		F1780A24215707AB00271E67 /* DatabaseEditorViewController.swift in Sources */ = {isa = PBXBuildFile; fileRef = F1780A0E215707AB00271E67 /* DatabaseEditorViewController.swift */; };
		F1780A25215707AB00271E67 /* DetailViewController.swift in Sources */ = {isa = PBXBuildFile; fileRef = F1780A0F215707AB00271E67 /* DetailViewController.swift */; };
		F1780A26215707AB00271E67 /* ReplaceOnNavigationStackSegue.swift in Sources */ = {isa = PBXBuildFile; fileRef = F1780A11215707AB00271E67 /* ReplaceOnNavigationStackSegue.swift */; };
		F1780A27215707AB00271E67 /* DatabaseViewController.swift in Sources */ = {isa = PBXBuildFile; fileRef = F1780A12215707AB00271E67 /* DatabaseViewController.swift */; };
		F1780A28215707AB00271E67 /* MasterViewController.swift in Sources */ = {isa = PBXBuildFile; fileRef = F1780A13215707AB00271E67 /* MasterViewController.swift */; };
		F1780A29215707AB00271E67 /* PasswordTableViewCell.swift in Sources */ = {isa = PBXBuildFile; fileRef = F1780A15215707AB00271E67 /* PasswordTableViewCell.swift */; };
		F1780A2A215707AB00271E67 /* DatabaseEntryTableViewCell.swift in Sources */ = {isa = PBXBuildFile; fileRef = F1780A16215707AB00271E67 /* DatabaseEntryTableViewCell.swift */; };
		F1780A2B215707AB00271E67 /* TextboxTableViewCell.swift in Sources */ = {isa = PBXBuildFile; fileRef = F1780A17215707AB00271E67 /* TextboxTableViewCell.swift */; };
		F1780A2C215707AB00271E67 /* GroupTableViewCell.swift in Sources */ = {isa = PBXBuildFile; fileRef = F1780A18215707AB00271E67 /* GroupTableViewCell.swift */; };
		F1780A2D215707AB00271E67 /* MarginlessTextView.swift in Sources */ = {isa = PBXBuildFile; fileRef = F1780A19215707AB00271E67 /* MarginlessTextView.swift */; };
		F1780A2E215707AB00271E67 /* Default.xml in Resources */ = {isa = PBXBuildFile; fileRef = F1780A1A215707AB00271E67 /* Default.xml */; };
		F1780A2F215707AB00271E67 /* AppDelegate.swift in Sources */ = {isa = PBXBuildFile; fileRef = F1780A1B215707AB00271E67 /* AppDelegate.swift */; };
		F1780A30215707AB00271E67 /* Persistence.swift in Sources */ = {isa = PBXBuildFile; fileRef = F1780A1C215707AB00271E67 /* Persistence.swift */; };
		F1780A31215707AB00271E67 /* FileManagement.swift in Sources */ = {isa = PBXBuildFile; fileRef = F1780A1D215707AB00271E67 /* FileManagement.swift */; };
		F1780A4C21570ACA00271E67 /* KeePassUITests.swift in Sources */ = {isa = PBXBuildFile; fileRef = F1780A4A21570ACA00271E67 /* KeePassUITests.swift */; };
		F1780A522157255100271E67 /* ValidFile.kdbx in Resources */ = {isa = PBXBuildFile; fileRef = F1780A4E2157255000271E67 /* ValidFile.kdbx */; };
		F1780A532157255100271E67 /* BadPayload.kdbx in Resources */ = {isa = PBXBuildFile; fileRef = F1780A4F2157255000271E67 /* BadPayload.kdbx */; };
		F1780A542157255100271E67 /* BadDynamicHeader.kdbx in Resources */ = {isa = PBXBuildFile; fileRef = F1780A502157255000271E67 /* BadDynamicHeader.kdbx */; };
		F1780A552157255100271E67 /* ValidFileXML.xml in Resources */ = {isa = PBXBuildFile; fileRef = F1780A512157255000271E67 /* ValidFileXML.xml */; };
		F1780A5721572EE900271E67 /* DatabaseOptions.swift in Sources */ = {isa = PBXBuildFile; fileRef = F1780A5621572EE900271E67 /* DatabaseOptions.swift */; };
/* End PBXBuildFile section */

/* Begin PBXContainerItemProxy section */
		F178088C2157030000271E67 /* PBXContainerItemProxy */ = {
			isa = PBXContainerItemProxy;
			containerPortal = F1780844215702C400271E67 /* Project object */;
			proxyType = 1;
			remoteGlobalIDString = F1780881215702FF00271E67;
			remoteInfo = KeePassSupport;
		};
		F178088E2157030000271E67 /* PBXContainerItemProxy */ = {
			isa = PBXContainerItemProxy;
			containerPortal = F1780844215702C400271E67 /* Project object */;
			proxyType = 1;
			remoteGlobalIDString = F178084B215702C400271E67;
			remoteInfo = "KeyPass Nonborked";
		};
		F17808952157030000271E67 /* PBXContainerItemProxy */ = {
			isa = PBXContainerItemProxy;
			containerPortal = F1780844215702C400271E67 /* Project object */;
			proxyType = 1;
			remoteGlobalIDString = F1780881215702FF00271E67;
			remoteInfo = KeePassSupport;
		};
		F178097E2157044300271E67 /* PBXContainerItemProxy */ = {
			isa = PBXContainerItemProxy;
			containerPortal = F17809462157043E00271E67 /* Gzip.xcodeproj */;
			proxyType = 2;
			remoteGlobalIDString = 2AE050991D4A2DC30040E4C9;
			remoteInfo = "Gzip iOS";
		};
		F17809862157044300271E67 /* PBXContainerItemProxy */ = {
			isa = PBXContainerItemProxy;
			containerPortal = F17809462157043E00271E67 /* Gzip.xcodeproj */;
			proxyType = 2;
			remoteGlobalIDString = 2A58A77D1B00FBEF005FBBC2;
			remoteInfo = "Tests iOS";
		};
		F17809882157047500271E67 /* PBXContainerItemProxy */ = {
			isa = PBXContainerItemProxy;
			containerPortal = F17809462157043E00271E67 /* Gzip.xcodeproj */;
			proxyType = 1;
			remoteGlobalIDString = 2AE050981D4A2DC30040E4C9;
			remoteInfo = "Gzip iOS";
		};
		F178098E215704CA00271E67 /* PBXContainerItemProxy */ = {
			isa = PBXContainerItemProxy;
			containerPortal = F17809462157043E00271E67 /* Gzip.xcodeproj */;
			proxyType = 1;
			remoteGlobalIDString = 2AE050981D4A2DC30040E4C9;
			remoteInfo = "Gzip iOS";
		};
		F178099A2157052F00271E67 /* PBXContainerItemProxy */ = {
			isa = PBXContainerItemProxy;
			containerPortal = F17809902157052F00271E67 /* AEXML.xcodeproj */;
			proxyType = 2;
			remoteGlobalIDString = 8B4A92791BDD47210011F36F;
			remoteInfo = "AEXML iOS";
		};
		F178099E2157052F00271E67 /* PBXContainerItemProxy */ = {
			isa = PBXContainerItemProxy;
			containerPortal = F17809902157052F00271E67 /* AEXML.xcodeproj */;
			proxyType = 2;
			remoteGlobalIDString = 8B4A92991BDD4CEF0011F36F;
			remoteInfo = "AEXML iOS Tests";
		};
		F17809A92157057400271E67 /* PBXContainerItemProxy */ = {
			isa = PBXContainerItemProxy;
			containerPortal = F17809902157052F00271E67 /* AEXML.xcodeproj */;
			proxyType = 1;
			remoteGlobalIDString = 8B4A92781BDD47210011F36F;
			remoteInfo = "AEXML iOS";
		};
		F17809AD2157057E00271E67 /* PBXContainerItemProxy */ = {
			isa = PBXContainerItemProxy;
			containerPortal = F17809902157052F00271E67 /* AEXML.xcodeproj */;
			proxyType = 1;
			remoteGlobalIDString = 8B4A92781BDD47210011F36F;
			remoteInfo = "AEXML iOS";
		};
		F17809D42157070800271E67 /* PBXContainerItemProxy */ = {
			isa = PBXContainerItemProxy;
			containerPortal = F1780844215702C400271E67 /* Project object */;
			proxyType = 1;
			remoteGlobalIDString = F17809C22157067B00271E67;
			remoteInfo = Salsa20;
		};
		F17809D82157072C00271E67 /* PBXContainerItemProxy */ = {
			isa = PBXContainerItemProxy;
			containerPortal = F1780844215702C400271E67 /* Project object */;
			proxyType = 1;
			remoteGlobalIDString = F17809C22157067B00271E67;
			remoteInfo = Salsa20;
		};
		F1780A4421570A8700271E67 /* PBXContainerItemProxy */ = {
			isa = PBXContainerItemProxy;
			containerPortal = F1780844215702C400271E67 /* Project object */;
			proxyType = 1;
			remoteGlobalIDString = F178084B215702C400271E67;
			remoteInfo = KeePass;
		};
/* End PBXContainerItemProxy section */

/* Begin PBXCopyFilesBuildPhase section */
		F178089C2157030000271E67 /* Embed Frameworks */ = {
			isa = PBXCopyFilesBuildPhase;
			buildActionMask = 2147483647;
			dstPath = "";
			dstSubfolderSpec = 10;
			files = (
				F178098D215704CA00271E67 /* Gzip.framework in Embed Frameworks */,
				F17809AC2157057E00271E67 /* AEXML.framework in Embed Frameworks */,
				F17808982157030000271E67 /* KeePassSupport.framework in Embed Frameworks */,
				F17809D72157072C00271E67 /* Salsa20.framework in Embed Frameworks */,
			);
			name = "Embed Frameworks";
			runOnlyForDeploymentPostprocessing = 0;
		};
/* End PBXCopyFilesBuildPhase section */

/* Begin PBXFileReference section */
		F174DB44215C66C80035AD37 /* KDBXFile.swift */ = {isa = PBXFileReference; lastKnownFileType = sourcecode.swift; path = KDBXFile.swift; sourceTree = "<group>"; };
		F178084C215702C400271E67 /* KeePass.app */ = {isa = PBXFileReference; explicitFileType = wrapper.application; includeInIndex = 0; path = KeePass.app; sourceTree = BUILT_PRODUCTS_DIR; };
		F1780882215702FF00271E67 /* KeePassSupport.framework */ = {isa = PBXFileReference; explicitFileType = wrapper.framework; includeInIndex = 0; path = KeePassSupport.framework; sourceTree = BUILT_PRODUCTS_DIR; };
		F17808842157030000271E67 /* KeePassSupport.h */ = {isa = PBXFileReference; lastKnownFileType = sourcecode.c.h; path = KeePassSupport.h; sourceTree = "<group>"; };
		F17808852157030000271E67 /* Info.plist */ = {isa = PBXFileReference; lastKnownFileType = text.plist.xml; path = Info.plist; sourceTree = "<group>"; };
		F178088A2157030000271E67 /* KeePassSupportTests.xctest */ = {isa = PBXFileReference; explicitFileType = wrapper.cfbundle; includeInIndex = 0; path = KeePassSupportTests.xctest; sourceTree = BUILT_PRODUCTS_DIR; };
		F17808912157030000271E67 /* KeePassSupportTests.swift */ = {isa = PBXFileReference; lastKnownFileType = sourcecode.swift; path = KeePassSupportTests.swift; sourceTree = "<group>"; };
		F17808932157030000271E67 /* Info.plist */ = {isa = PBXFileReference; lastKnownFileType = text.plist.xml; path = Info.plist; sourceTree = "<group>"; };
		F17808A12157034C00271E67 /* KDBString.swift */ = {isa = PBXFileReference; fileEncoding = 4; lastKnownFileType = sourcecode.swift; path = KDBString.swift; sourceTree = "<group>"; };
		F17808A22157034D00271E67 /* KDBEntry.swift */ = {isa = PBXFileReference; fileEncoding = 4; lastKnownFileType = sourcecode.swift; path = KDBEntry.swift; sourceTree = "<group>"; };
		F17808A32157034D00271E67 /* KDBDatabase.swift */ = {isa = PBXFileReference; fileEncoding = 4; lastKnownFileType = sourcecode.swift; path = KDBDatabase.swift; sourceTree = "<group>"; };
		F17808A52157034D00271E67 /* KDBXDatabase.swift */ = {isa = PBXFileReference; fileEncoding = 4; lastKnownFileType = sourcecode.swift; path = KDBXDatabase.swift; sourceTree = "<group>"; };
		F17808A62157034D00271E67 /* KDBXXMLElement.swift */ = {isa = PBXFileReference; fileEncoding = 4; lastKnownFileType = sourcecode.swift; path = KDBXXMLElement.swift; sourceTree = "<group>"; };
		F17808A72157034D00271E67 /* KDBXEntry.swift */ = {isa = PBXFileReference; fileEncoding = 4; lastKnownFileType = sourcecode.swift; path = KDBXEntry.swift; sourceTree = "<group>"; };
		F17808A82157034D00271E67 /* KDBXGroup.swift */ = {isa = PBXFileReference; fileEncoding = 4; lastKnownFileType = sourcecode.swift; path = KDBXGroup.swift; sourceTree = "<group>"; };
		F17808AA2157034D00271E67 /* KDBXDict.swift */ = {isa = PBXFileReference; fileEncoding = 4; lastKnownFileType = sourcecode.swift; path = KDBXDict.swift; sourceTree = "<group>"; };
		F17808AB2157034D00271E67 /* KDBXList.swift */ = {isa = PBXFileReference; fileEncoding = 4; lastKnownFileType = sourcecode.swift; path = KDBXList.swift; sourceTree = "<group>"; };
		F17808AC2157034D00271E67 /* KDBXString.swift */ = {isa = PBXFileReference; fileEncoding = 4; lastKnownFileType = sourcecode.swift; path = KDBXString.swift; sourceTree = "<group>"; };
		F17808AD2157034D00271E67 /* KDBGroup.swift */ = {isa = PBXFileReference; fileEncoding = 4; lastKnownFileType = sourcecode.swift; path = KDBGroup.swift; sourceTree = "<group>"; };
		F17808BA2157036500271E67 /* AES.swift */ = {isa = PBXFileReference; fileEncoding = 4; lastKnownFileType = sourcecode.swift; path = AES.swift; sourceTree = "<group>"; };
		F17808BB2157036500271E67 /* KDBXHeader.swift */ = {isa = PBXFileReference; fileEncoding = 4; lastKnownFileType = sourcecode.swift; path = KDBXHeader.swift; sourceTree = "<group>"; };
		F17808BD2157036500271E67 /* FixedWidthInteger+Bytes.swift */ = {isa = PBXFileReference; fileEncoding = 4; lastKnownFileType = sourcecode.swift; path = "FixedWidthInteger+Bytes.swift"; sourceTree = "<group>"; };
		F17808BE2157036500271E67 /* ByteArray+Crypto.swift */ = {isa = PBXFileReference; fileEncoding = 4; lastKnownFileType = sourcecode.swift; path = "ByteArray+Crypto.swift"; sourceTree = "<group>"; };
		F17809462157043E00271E67 /* Gzip.xcodeproj */ = {isa = PBXFileReference; lastKnownFileType = "wrapper.pb-project"; name = Gzip.xcodeproj; path = GzipSwift/Gzip.xcodeproj; sourceTree = "<group>"; };
		F17809902157052F00271E67 /* AEXML.xcodeproj */ = {isa = PBXFileReference; lastKnownFileType = "wrapper.pb-project"; name = AEXML.xcodeproj; path = AEXML/AEXML.xcodeproj; sourceTree = "<group>"; };
		F17809B1215705BB00271E67 /* AEXMLElement+Extensions.swift */ = {isa = PBXFileReference; fileEncoding = 4; lastKnownFileType = sourcecode.swift; path = "AEXMLElement+Extensions.swift"; sourceTree = "<group>"; };
		F17809C32157067B00271E67 /* Salsa20.framework */ = {isa = PBXFileReference; explicitFileType = wrapper.framework; includeInIndex = 0; path = Salsa20.framework; sourceTree = BUILT_PRODUCTS_DIR; };
		F17809C62157067C00271E67 /* Info.plist */ = {isa = PBXFileReference; lastKnownFileType = text.plist.xml; path = Info.plist; sourceTree = "<group>"; };
		F17809CF215706C600271E67 /* salsa20.h */ = {isa = PBXFileReference; fileEncoding = 4; lastKnownFileType = sourcecode.c.h; name = salsa20.h; path = ../../KeePass/Salsa20/salsa20.h; sourceTree = "<group>"; };
		F17809D0215706C600271E67 /* salsa20.c */ = {isa = PBXFileReference; fileEncoding = 4; lastKnownFileType = sourcecode.c.c; path = salsa20.c; sourceTree = "<group>"; };
		F1780A06215707AB00271E67 /* Assets.xcassets */ = {isa = PBXFileReference; lastKnownFileType = folder.assetcatalog; path = Assets.xcassets; sourceTree = "<group>"; };
		F1780A08215707AB00271E67 /* KDBXDocument.swift */ = {isa = PBXFileReference; fileEncoding = 4; lastKnownFileType = sourcecode.swift; path = KDBXDocument.swift; sourceTree = "<group>"; };
		F1780A09215707AB00271E67 /* LaunchScreen.storyboard */ = {isa = PBXFileReference; fileEncoding = 4; lastKnownFileType = file.storyboard; path = LaunchScreen.storyboard; sourceTree = "<group>"; };
		F1780A0A215707AB00271E67 /* Shared.storyboard */ = {isa = PBXFileReference; fileEncoding = 4; lastKnownFileType = file.storyboard; path = Shared.storyboard; sourceTree = "<group>"; };
		F1780A0B215707AB00271E67 /* Main.storyboard */ = {isa = PBXFileReference; fileEncoding = 4; lastKnownFileType = file.storyboard; path = Main.storyboard; sourceTree = "<group>"; };
		F1780A0D215707AB00271E67 /* SplitViewController.swift */ = {isa = PBXFileReference; fileEncoding = 4; lastKnownFileType = sourcecode.swift; path = SplitViewController.swift; sourceTree = "<group>"; };
		F1780A0E215707AB00271E67 /* DatabaseEditorViewController.swift */ = {isa = PBXFileReference; fileEncoding = 4; lastKnownFileType = sourcecode.swift; path = DatabaseEditorViewController.swift; sourceTree = "<group>"; };
		F1780A0F215707AB00271E67 /* DetailViewController.swift */ = {isa = PBXFileReference; fileEncoding = 4; lastKnownFileType = sourcecode.swift; path = DetailViewController.swift; sourceTree = "<group>"; };
		F1780A11215707AB00271E67 /* ReplaceOnNavigationStackSegue.swift */ = {isa = PBXFileReference; fileEncoding = 4; lastKnownFileType = sourcecode.swift; path = ReplaceOnNavigationStackSegue.swift; sourceTree = "<group>"; };
		F1780A12215707AB00271E67 /* DatabaseViewController.swift */ = {isa = PBXFileReference; fileEncoding = 4; lastKnownFileType = sourcecode.swift; path = DatabaseViewController.swift; sourceTree = "<group>"; };
		F1780A13215707AB00271E67 /* MasterViewController.swift */ = {isa = PBXFileReference; fileEncoding = 4; lastKnownFileType = sourcecode.swift; path = MasterViewController.swift; sourceTree = "<group>"; };
		F1780A15215707AB00271E67 /* PasswordTableViewCell.swift */ = {isa = PBXFileReference; fileEncoding = 4; lastKnownFileType = sourcecode.swift; path = PasswordTableViewCell.swift; sourceTree = "<group>"; };
		F1780A16215707AB00271E67 /* DatabaseEntryTableViewCell.swift */ = {isa = PBXFileReference; fileEncoding = 4; lastKnownFileType = sourcecode.swift; path = DatabaseEntryTableViewCell.swift; sourceTree = "<group>"; };
		F1780A17215707AB00271E67 /* TextboxTableViewCell.swift */ = {isa = PBXFileReference; fileEncoding = 4; lastKnownFileType = sourcecode.swift; path = TextboxTableViewCell.swift; sourceTree = "<group>"; };
		F1780A18215707AB00271E67 /* GroupTableViewCell.swift */ = {isa = PBXFileReference; fileEncoding = 4; lastKnownFileType = sourcecode.swift; path = GroupTableViewCell.swift; sourceTree = "<group>"; };
		F1780A19215707AB00271E67 /* MarginlessTextView.swift */ = {isa = PBXFileReference; fileEncoding = 4; lastKnownFileType = sourcecode.swift; path = MarginlessTextView.swift; sourceTree = "<group>"; };
		F1780A1A215707AB00271E67 /* Default.xml */ = {isa = PBXFileReference; fileEncoding = 4; lastKnownFileType = text.xml; path = Default.xml; sourceTree = "<group>"; };
		F1780A1B215707AB00271E67 /* AppDelegate.swift */ = {isa = PBXFileReference; fileEncoding = 4; lastKnownFileType = sourcecode.swift; path = AppDelegate.swift; sourceTree = "<group>"; };
		F1780A1C215707AB00271E67 /* Persistence.swift */ = {isa = PBXFileReference; fileEncoding = 4; lastKnownFileType = sourcecode.swift; path = Persistence.swift; sourceTree = "<group>"; };
		F1780A1D215707AB00271E67 /* FileManagement.swift */ = {isa = PBXFileReference; fileEncoding = 4; lastKnownFileType = sourcecode.swift; path = FileManagement.swift; sourceTree = "<group>"; };
		F1780A32215707ED00271E67 /* Info.plist */ = {isa = PBXFileReference; fileEncoding = 4; lastKnownFileType = text.plist.xml; path = Info.plist; sourceTree = "<group>"; };
		F1780A3F21570A8700271E67 /* KeePassUITests.xctest */ = {isa = PBXFileReference; explicitFileType = wrapper.cfbundle; includeInIndex = 0; path = KeePassUITests.xctest; sourceTree = BUILT_PRODUCTS_DIR; };
		F1780A4921570ACA00271E67 /* Info.plist */ = {isa = PBXFileReference; fileEncoding = 4; lastKnownFileType = text.plist.xml; path = Info.plist; sourceTree = "<group>"; };
		F1780A4A21570ACA00271E67 /* KeePassUITests.swift */ = {isa = PBXFileReference; fileEncoding = 4; lastKnownFileType = sourcecode.swift; path = KeePassUITests.swift; sourceTree = "<group>"; };
		F1780A4D21570B1100271E67 /* KeePass.entitlements */ = {isa = PBXFileReference; lastKnownFileType = text.plist.entitlements; path = KeePass.entitlements; sourceTree = "<group>"; };
		F1780A4E2157255000271E67 /* ValidFile.kdbx */ = {isa = PBXFileReference; lastKnownFileType = file; path = ValidFile.kdbx; sourceTree = "<group>"; };
		F1780A4F2157255000271E67 /* BadPayload.kdbx */ = {isa = PBXFileReference; lastKnownFileType = file; path = BadPayload.kdbx; sourceTree = "<group>"; };
		F1780A502157255000271E67 /* BadDynamicHeader.kdbx */ = {isa = PBXFileReference; lastKnownFileType = file; path = BadDynamicHeader.kdbx; sourceTree = "<group>"; };
		F1780A512157255000271E67 /* ValidFileXML.xml */ = {isa = PBXFileReference; fileEncoding = 4; lastKnownFileType = text.xml; path = ValidFileXML.xml; sourceTree = "<group>"; };
		F1780A5621572EE900271E67 /* DatabaseOptions.swift */ = {isa = PBXFileReference; lastKnownFileType = sourcecode.swift; path = DatabaseOptions.swift; sourceTree = "<group>"; };
/* End PBXFileReference section */

/* Begin PBXFrameworksBuildPhase section */
		F1780849215702C400271E67 /* Frameworks */ = {
			isa = PBXFrameworksBuildPhase;
			buildActionMask = 2147483647;
			files = (
				F17808972157030000271E67 /* KeePassSupport.framework in Frameworks */,
			);
			runOnlyForDeploymentPostprocessing = 0;
		};
		F178087F215702FF00271E67 /* Frameworks */ = {
			isa = PBXFrameworksBuildPhase;
			buildActionMask = 2147483647;
			files = (
				F17809D3215706F600271E67 /* Salsa20.framework in Frameworks */,
				F17809A82157056E00271E67 /* AEXML.framework in Frameworks */,
				F178098B2157048000271E67 /* Gzip.framework in Frameworks */,
			);
			runOnlyForDeploymentPostprocessing = 0;
		};
		F17808872157030000271E67 /* Frameworks */ = {
			isa = PBXFrameworksBuildPhase;
			buildActionMask = 2147483647;
			files = (
				F178088B2157030000271E67 /* KeePassSupport.framework in Frameworks */,
			);
			runOnlyForDeploymentPostprocessing = 0;
		};
		F17809C02157067B00271E67 /* Frameworks */ = {
			isa = PBXFrameworksBuildPhase;
			buildActionMask = 2147483647;
			files = (
			);
			runOnlyForDeploymentPostprocessing = 0;
		};
		F1780A3C21570A8700271E67 /* Frameworks */ = {
			isa = PBXFrameworksBuildPhase;
			buildActionMask = 2147483647;
			files = (
			);
			runOnlyForDeploymentPostprocessing = 0;
		};
/* End PBXFrameworksBuildPhase section */

/* Begin PBXGroup section */
		F174DB43215C66AC0035AD37 /* KDBX */ = {
			isa = PBXGroup;
			children = (
				F17808BB2157036500271E67 /* KDBXHeader.swift */,
				F174DB44215C66C80035AD37 /* KDBXFile.swift */,
			);
			path = KDBX;
			sourceTree = "<group>";
		};
		F1780843215702C400271E67 = {
			isa = PBXGroup;
			children = (
				F178084E215702C400271E67 /* KeePass */,
				F17808832157030000271E67 /* KeePassSupport */,
				F17808902157030000271E67 /* KeePassSupportTests */,
				F17809C42157067C00271E67 /* Salsa20 */,
				F1780A4021570A8700271E67 /* KeePassUITests */,
				F178084D215702C400271E67 /* Products */,
				F178098A2157048000271E67 /* Frameworks */,
			);
			sourceTree = "<group>";
		};
		F178084D215702C400271E67 /* Products */ = {
			isa = PBXGroup;
			children = (
				F178084C215702C400271E67 /* KeePass.app */,
				F1780882215702FF00271E67 /* KeePassSupport.framework */,
				F178088A2157030000271E67 /* KeePassSupportTests.xctest */,
				F17809C32157067B00271E67 /* Salsa20.framework */,
				F1780A3F21570A8700271E67 /* KeePassUITests.xctest */,
			);
			name = Products;
			sourceTree = "<group>";
		};
		F178084E215702C400271E67 /* KeePass */ = {
			isa = PBXGroup;
			children = (
				F1780A0C215707AB00271E67 /* View Controllers */,
				F1780A14215707AB00271E67 /* Views */,
				F1780A1B215707AB00271E67 /* AppDelegate.swift */,
				F1780A1D215707AB00271E67 /* FileManagement.swift */,
				F1780A08215707AB00271E67 /* KDBXDocument.swift */,
				F1780A1C215707AB00271E67 /* Persistence.swift */,
				F1780A09215707AB00271E67 /* LaunchScreen.storyboard */,
				F1780A0B215707AB00271E67 /* Main.storyboard */,
				F1780A0A215707AB00271E67 /* Shared.storyboard */,
				F1780A06215707AB00271E67 /* Assets.xcassets */,
				F1780A1A215707AB00271E67 /* Default.xml */,
				F1780A32215707ED00271E67 /* Info.plist */,
				F1780A4D21570B1100271E67 /* KeePass.entitlements */,
			);
			path = KeePass;
			sourceTree = "<group>";
		};
		F17808832157030000271E67 /* KeePassSupport */ = {
			isa = PBXGroup;
			children = (
				F17809902157052F00271E67 /* AEXML.xcodeproj */,
				F17809462157043E00271E67 /* Gzip.xcodeproj */,
				F174DB43215C66AC0035AD37 /* KDBX */,
				F17808A02157034C00271E67 /* Models */,
				F17808B92157036500271E67 /* Crypto */,
				F17809B1215705BB00271E67 /* AEXMLElement+Extensions.swift */,
				F17808842157030000271E67 /* KeePassSupport.h */,
				F17808852157030000271E67 /* Info.plist */,
			);
			path = KeePassSupport;
			sourceTree = "<group>";
		};
		F17808902157030000271E67 /* KeePassSupportTests */ = {
			isa = PBXGroup;
			children = (
				F1780A502157255000271E67 /* BadDynamicHeader.kdbx */,
				F1780A4F2157255000271E67 /* BadPayload.kdbx */,
				F1780A4E2157255000271E67 /* ValidFile.kdbx */,
				F1780A512157255000271E67 /* ValidFileXML.xml */,
				F17808912157030000271E67 /* KeePassSupportTests.swift */,
				F17808932157030000271E67 /* Info.plist */,
			);
			path = KeePassSupportTests;
			sourceTree = "<group>";
		};
		F17808A02157034C00271E67 /* Models */ = {
			isa = PBXGroup;
			children = (
				F1780A5621572EE900271E67 /* DatabaseOptions.swift */,
				F17808A12157034C00271E67 /* KDBString.swift */,
				F17808A22157034D00271E67 /* KDBEntry.swift */,
				F17808A32157034D00271E67 /* KDBDatabase.swift */,
				F17808AD2157034D00271E67 /* KDBGroup.swift */,
				F17808A42157034D00271E67 /* XML */,
			);
			path = Models;
			sourceTree = "<group>";
		};
		F17808A42157034D00271E67 /* XML */ = {
			isa = PBXGroup;
			children = (
				F17808A92157034D00271E67 /* Convenience */,
				F17808A52157034D00271E67 /* KDBXDatabase.swift */,
				F17808A62157034D00271E67 /* KDBXXMLElement.swift */,
				F17808A72157034D00271E67 /* KDBXEntry.swift */,
				F17808A82157034D00271E67 /* KDBXGroup.swift */,
				F17808AC2157034D00271E67 /* KDBXString.swift */,
			);
			path = XML;
			sourceTree = "<group>";
		};
		F17808A92157034D00271E67 /* Convenience */ = {
			isa = PBXGroup;
			children = (
				F17808AA2157034D00271E67 /* KDBXDict.swift */,
				F17808AB2157034D00271E67 /* KDBXList.swift */,
			);
			path = Convenience;
			sourceTree = "<group>";
		};
		F17808B92157036500271E67 /* Crypto */ = {
			isa = PBXGroup;
			children = (
				F17808BA2157036500271E67 /* AES.swift */,
				F17808BC2157036500271E67 /* Extensions */,
			);
			path = Crypto;
			sourceTree = "<group>";
		};
		F17808BC2157036500271E67 /* Extensions */ = {
			isa = PBXGroup;
			children = (
				F17808BD2157036500271E67 /* FixedWidthInteger+Bytes.swift */,
				F17808BE2157036500271E67 /* ByteArray+Crypto.swift */,
			);
			path = Extensions;
			sourceTree = "<group>";
		};
		F17809732157044300271E67 /* Products */ = {
			isa = PBXGroup;
			children = (
				F178097F2157044300271E67 /* Gzip.framework */,
				F17809872157044300271E67 /* Tests iOS.xctest */,
			);
			name = Products;
			sourceTree = "<group>";
		};
		F178098A2157048000271E67 /* Frameworks */ = {
			isa = PBXGroup;
			children = (
			);
			name = Frameworks;
			sourceTree = "<group>";
		};
		F17809912157052F00271E67 /* Products */ = {
			isa = PBXGroup;
			children = (
				F178099B2157052F00271E67 /* AEXML.framework */,
				F178099F2157052F00271E67 /* AEXML iOS Tests.xctest */,
			);
			name = Products;
			sourceTree = "<group>";
		};
		F17809C42157067C00271E67 /* Salsa20 */ = {
			isa = PBXGroup;
			children = (
				F17809CF215706C600271E67 /* salsa20.h */,
				F17809D0215706C600271E67 /* salsa20.c */,
				F17809C62157067C00271E67 /* Info.plist */,
			);
			path = Salsa20;
			sourceTree = "<group>";
		};
		F1780A0C215707AB00271E67 /* View Controllers */ = {
			isa = PBXGroup;
			children = (
				F1780A0D215707AB00271E67 /* SplitViewController.swift */,
				F1780A0E215707AB00271E67 /* DatabaseEditorViewController.swift */,
				F1780A0F215707AB00271E67 /* DetailViewController.swift */,
				F1780A12215707AB00271E67 /* DatabaseViewController.swift */,
				F1780A13215707AB00271E67 /* MasterViewController.swift */,
				F1780A10215707AB00271E67 /* Segues */,
			);
			path = "View Controllers";
			sourceTree = "<group>";
		};
		F1780A10215707AB00271E67 /* Segues */ = {
			isa = PBXGroup;
			children = (
				F1780A11215707AB00271E67 /* ReplaceOnNavigationStackSegue.swift */,
			);
			path = Segues;
			sourceTree = "<group>";
		};
		F1780A14215707AB00271E67 /* Views */ = {
			isa = PBXGroup;
			children = (
				F1780A15215707AB00271E67 /* PasswordTableViewCell.swift */,
				F1780A16215707AB00271E67 /* DatabaseEntryTableViewCell.swift */,
				F1780A17215707AB00271E67 /* TextboxTableViewCell.swift */,
				F1780A18215707AB00271E67 /* GroupTableViewCell.swift */,
				F1780A19215707AB00271E67 /* MarginlessTextView.swift */,
			);
			path = Views;
			sourceTree = "<group>";
		};
		F1780A4021570A8700271E67 /* KeePassUITests */ = {
			isa = PBXGroup;
			children = (
				F1780A4921570ACA00271E67 /* Info.plist */,
				F1780A4A21570ACA00271E67 /* KeePassUITests.swift */,
			);
			path = KeePassUITests;
			sourceTree = "<group>";
		};
/* End PBXGroup section */

/* Begin PBXHeadersBuildPhase section */
		F178087D215702FF00271E67 /* Headers */ = {
			isa = PBXHeadersBuildPhase;
			buildActionMask = 2147483647;
			files = (
				F17808942157030000271E67 /* KeePassSupport.h in Headers */,
			);
			runOnlyForDeploymentPostprocessing = 0;
		};
		F17809BE2157067B00271E67 /* Headers */ = {
			isa = PBXHeadersBuildPhase;
			buildActionMask = 2147483647;
			files = (
				F17809D1215706C600271E67 /* salsa20.h in Headers */,
			);
			runOnlyForDeploymentPostprocessing = 0;
		};
/* End PBXHeadersBuildPhase section */

/* Begin PBXNativeTarget section */
		F178084B215702C400271E67 /* KeePass */ = {
			isa = PBXNativeTarget;
			buildConfigurationList = F1780874215702C400271E67 /* Build configuration list for PBXNativeTarget "KeePass" */;
			buildPhases = (
				F1780848215702C400271E67 /* Sources */,
				F1780849215702C400271E67 /* Frameworks */,
				F178084A215702C400271E67 /* Resources */,
				F178089C2157030000271E67 /* Embed Frameworks */,
			);
			buildRules = (
			);
			dependencies = (
				F17808962157030000271E67 /* PBXTargetDependency */,
				F178098F215704CA00271E67 /* PBXTargetDependency */,
				F17809AE2157057E00271E67 /* PBXTargetDependency */,
				F17809D92157072C00271E67 /* PBXTargetDependency */,
			);
			name = KeePass;
			productName = "KeyPass Nonborked";
			productReference = F178084C215702C400271E67 /* KeePass.app */;
			productType = "com.apple.product-type.application";
		};
		F1780881215702FF00271E67 /* KeePassSupport */ = {
			isa = PBXNativeTarget;
			buildConfigurationList = F17808992157030000271E67 /* Build configuration list for PBXNativeTarget "KeePassSupport" */;
			buildPhases = (
				F178087D215702FF00271E67 /* Headers */,
				F178087E215702FF00271E67 /* Sources */,
				F178087F215702FF00271E67 /* Frameworks */,
				F1780880215702FF00271E67 /* Resources */,
			);
			buildRules = (
			);
			dependencies = (
				F17809D52157070800271E67 /* PBXTargetDependency */,
				F17809AA2157057400271E67 /* PBXTargetDependency */,
				F17809892157047500271E67 /* PBXTargetDependency */,
			);
			name = KeePassSupport;
			productName = KeePassSupport;
			productReference = F1780882215702FF00271E67 /* KeePassSupport.framework */;
			productType = "com.apple.product-type.framework";
		};
		F17808892157030000271E67 /* KeePassSupportTests */ = {
			isa = PBXNativeTarget;
			buildConfigurationList = F178089D2157030000271E67 /* Build configuration list for PBXNativeTarget "KeePassSupportTests" */;
			buildPhases = (
				F17808862157030000271E67 /* Sources */,
				F17808872157030000271E67 /* Frameworks */,
				F17808882157030000271E67 /* Resources */,
			);
			buildRules = (
			);
			dependencies = (
				F178088D2157030000271E67 /* PBXTargetDependency */,
				F178088F2157030000271E67 /* PBXTargetDependency */,
			);
			name = KeePassSupportTests;
			productName = KeePassSupportTests;
			productReference = F178088A2157030000271E67 /* KeePassSupportTests.xctest */;
			productType = "com.apple.product-type.bundle.unit-test";
		};
		F17809C22157067B00271E67 /* Salsa20 */ = {
			isa = PBXNativeTarget;
			buildConfigurationList = F17809CC2157067C00271E67 /* Build configuration list for PBXNativeTarget "Salsa20" */;
			buildPhases = (
				F17809BE2157067B00271E67 /* Headers */,
				F17809BF2157067B00271E67 /* Sources */,
				F17809C02157067B00271E67 /* Frameworks */,
				F17809C12157067B00271E67 /* Resources */,
			);
			buildRules = (
			);
			dependencies = (
			);
			name = Salsa20;
			productName = Salsa20;
			productReference = F17809C32157067B00271E67 /* Salsa20.framework */;
			productType = "com.apple.product-type.framework";
		};
		F1780A3E21570A8700271E67 /* KeePassUITests */ = {
			isa = PBXNativeTarget;
			buildConfigurationList = F1780A4621570A8700271E67 /* Build configuration list for PBXNativeTarget "KeePassUITests" */;
			buildPhases = (
				F1780A3B21570A8700271E67 /* Sources */,
				F1780A3C21570A8700271E67 /* Frameworks */,
				F1780A3D21570A8700271E67 /* Resources */,
			);
			buildRules = (
			);
			dependencies = (
				F1780A4521570A8700271E67 /* PBXTargetDependency */,
			);
			name = KeePassUITests;
			productName = KeePassUITests;
			productReference = F1780A3F21570A8700271E67 /* KeePassUITests.xctest */;
			productType = "com.apple.product-type.bundle.ui-testing";
		};
/* End PBXNativeTarget section */

/* Begin PBXProject section */
		F1780844215702C400271E67 /* Project object */ = {
			isa = PBXProject;
			attributes = {
				LastSwiftUpdateCheck = 1000;
				LastUpgradeCheck = 1000;
				ORGANIZATIONNAME = "Donny Lawrence";
				TargetAttributes = {
					F178084B215702C400271E67 = {
						CreatedOnToolsVersion = 10.0;
						LastSwiftMigration = 1000;
						SystemCapabilities = {
							com.apple.iCloud = {
								enabled = 1;
							};
						};
					};
					F1780881215702FF00271E67 = {
						CreatedOnToolsVersion = 10.0;
					};
					F17808892157030000271E67 = {
						CreatedOnToolsVersion = 10.0;
						TestTargetID = F178084B215702C400271E67;
					};
					F17809C22157067B00271E67 = {
						CreatedOnToolsVersion = 10.0;
					};
					F1780A3E21570A8700271E67 = {
						CreatedOnToolsVersion = 10.0;
						LastSwiftMigration = 1000;
						TestTargetID = F178084B215702C400271E67;
					};
				};
			};
			buildConfigurationList = F1780847215702C400271E67 /* Build configuration list for PBXProject "KeePass" */;
			compatibilityVersion = "Xcode 9.3";
			developmentRegion = en;
			hasScannedForEncodings = 0;
			knownRegions = (
				en,
				Base,
			);
			mainGroup = F1780843215702C400271E67;
			productRefGroup = F178084D215702C400271E67 /* Products */;
			projectDirPath = "";
			projectReferences = (
				{
					ProductGroup = F17809912157052F00271E67 /* Products */;
					ProjectRef = F17809902157052F00271E67 /* AEXML.xcodeproj */;
				},
				{
					ProductGroup = F17809732157044300271E67 /* Products */;
					ProjectRef = F17809462157043E00271E67 /* Gzip.xcodeproj */;
				},
			);
			projectRoot = "";
			targets = (
				F178084B215702C400271E67 /* KeePass */,
				F1780881215702FF00271E67 /* KeePassSupport */,
				F17808892157030000271E67 /* KeePassSupportTests */,
				F17809C22157067B00271E67 /* Salsa20 */,
				F1780A3E21570A8700271E67 /* KeePassUITests */,
			);
		};
/* End PBXProject section */

/* Begin PBXReferenceProxy section */
		F178097F2157044300271E67 /* Gzip.framework */ = {
			isa = PBXReferenceProxy;
			fileType = wrapper.framework;
			path = Gzip.framework;
			remoteRef = F178097E2157044300271E67 /* PBXContainerItemProxy */;
			sourceTree = BUILT_PRODUCTS_DIR;
		};
		F17809872157044300271E67 /* Tests iOS.xctest */ = {
			isa = PBXReferenceProxy;
			fileType = wrapper.cfbundle;
			path = "Tests iOS.xctest";
			remoteRef = F17809862157044300271E67 /* PBXContainerItemProxy */;
			sourceTree = BUILT_PRODUCTS_DIR;
		};
		F178099B2157052F00271E67 /* AEXML.framework */ = {
			isa = PBXReferenceProxy;
			fileType = wrapper.framework;
			path = AEXML.framework;
			remoteRef = F178099A2157052F00271E67 /* PBXContainerItemProxy */;
			sourceTree = BUILT_PRODUCTS_DIR;
		};
		F178099F2157052F00271E67 /* AEXML iOS Tests.xctest */ = {
			isa = PBXReferenceProxy;
			fileType = wrapper.cfbundle;
			path = "AEXML iOS Tests.xctest";
			remoteRef = F178099E2157052F00271E67 /* PBXContainerItemProxy */;
			sourceTree = BUILT_PRODUCTS_DIR;
		};
/* End PBXReferenceProxy section */

/* Begin PBXResourcesBuildPhase section */
		F178084A215702C400271E67 /* Resources */ = {
			isa = PBXResourcesBuildPhase;
			buildActionMask = 2147483647;
			files = (
				F1780A1E215707AB00271E67 /* Assets.xcassets in Resources */,
				F1780A20215707AB00271E67 /* LaunchScreen.storyboard in Resources */,
				F1780A21215707AB00271E67 /* Shared.storyboard in Resources */,
				F1780A22215707AB00271E67 /* Main.storyboard in Resources */,
				F1780A2E215707AB00271E67 /* Default.xml in Resources */,
			);
			runOnlyForDeploymentPostprocessing = 0;
		};
		F1780880215702FF00271E67 /* Resources */ = {
			isa = PBXResourcesBuildPhase;
			buildActionMask = 2147483647;
			files = (
			);
			runOnlyForDeploymentPostprocessing = 0;
		};
		F17808882157030000271E67 /* Resources */ = {
			isa = PBXResourcesBuildPhase;
			buildActionMask = 2147483647;
			files = (
				F1780A552157255100271E67 /* ValidFileXML.xml in Resources */,
				F1780A542157255100271E67 /* BadDynamicHeader.kdbx in Resources */,
				F1780A522157255100271E67 /* ValidFile.kdbx in Resources */,
				F1780A532157255100271E67 /* BadPayload.kdbx in Resources */,
			);
			runOnlyForDeploymentPostprocessing = 0;
		};
		F17809C12157067B00271E67 /* Resources */ = {
			isa = PBXResourcesBuildPhase;
			buildActionMask = 2147483647;
			files = (
			);
			runOnlyForDeploymentPostprocessing = 0;
		};
		F1780A3D21570A8700271E67 /* Resources */ = {
			isa = PBXResourcesBuildPhase;
			buildActionMask = 2147483647;
			files = (
			);
			runOnlyForDeploymentPostprocessing = 0;
		};
/* End PBXResourcesBuildPhase section */

/* Begin PBXSourcesBuildPhase section */
		F1780848215702C400271E67 /* Sources */ = {
			isa = PBXSourcesBuildPhase;
			buildActionMask = 2147483647;
			files = (
				F1780A2D215707AB00271E67 /* MarginlessTextView.swift in Sources */,
				F1780A2A215707AB00271E67 /* DatabaseEntryTableViewCell.swift in Sources */,
				F1780A1F215707AB00271E67 /* KDBXDocument.swift in Sources */,
				F1780A30215707AB00271E67 /* Persistence.swift in Sources */,
				F1780A23215707AB00271E67 /* SplitViewController.swift in Sources */,
				F1780A26215707AB00271E67 /* ReplaceOnNavigationStackSegue.swift in Sources */,
				F1780A2C215707AB00271E67 /* GroupTableViewCell.swift in Sources */,
				F1780A2B215707AB00271E67 /* TextboxTableViewCell.swift in Sources */,
				F1780A27215707AB00271E67 /* DatabaseViewController.swift in Sources */,
				F1780A2F215707AB00271E67 /* AppDelegate.swift in Sources */,
				F1780A29215707AB00271E67 /* PasswordTableViewCell.swift in Sources */,
				F1780A24215707AB00271E67 /* DatabaseEditorViewController.swift in Sources */,
				F1780A28215707AB00271E67 /* MasterViewController.swift in Sources */,
				F1780A31215707AB00271E67 /* FileManagement.swift in Sources */,
				F1780A25215707AB00271E67 /* DetailViewController.swift in Sources */,
			);
			runOnlyForDeploymentPostprocessing = 0;
		};
		F178087E215702FF00271E67 /* Sources */ = {
			isa = PBXSourcesBuildPhase;
			buildActionMask = 2147483647;
			files = (
				F17808C02157036500271E67 /* KDBXHeader.swift in Sources */,
				F17808AE2157034D00271E67 /* KDBString.swift in Sources */,
				F1780A5721572EE900271E67 /* DatabaseOptions.swift in Sources */,
				F17808BF2157036500271E67 /* AES.swift in Sources */,
				F17808B02157034D00271E67 /* KDBDatabase.swift in Sources */,
				F17809B2215705BB00271E67 /* AEXMLElement+Extensions.swift in Sources */,
				F17808B52157034D00271E67 /* KDBXDict.swift in Sources */,
				F17808B62157034D00271E67 /* KDBXList.swift in Sources */,
				F17808AF2157034D00271E67 /* KDBEntry.swift in Sources */,
				F17808B32157034D00271E67 /* KDBXEntry.swift in Sources */,
				F174DB45215C66C80035AD37 /* KDBXFile.swift in Sources */,
				F17808B42157034D00271E67 /* KDBXGroup.swift in Sources */,
				F17808B82157034D00271E67 /* KDBGroup.swift in Sources */,
				F17808C12157036500271E67 /* FixedWidthInteger+Bytes.swift in Sources */,
				F17808B72157034D00271E67 /* KDBXString.swift in Sources */,
				F17808B12157034D00271E67 /* KDBXDatabase.swift in Sources */,
				F17808B22157034D00271E67 /* KDBXXMLElement.swift in Sources */,
				F17808C22157036500271E67 /* ByteArray+Crypto.swift in Sources */,
			);
			runOnlyForDeploymentPostprocessing = 0;
		};
		F17808862157030000271E67 /* Sources */ = {
			isa = PBXSourcesBuildPhase;
			buildActionMask = 2147483647;
			files = (
				F17808922157030000271E67 /* KeePassSupportTests.swift in Sources */,
			);
			runOnlyForDeploymentPostprocessing = 0;
		};
		F17809BF2157067B00271E67 /* Sources */ = {
			isa = PBXSourcesBuildPhase;
			buildActionMask = 2147483647;
			files = (
				F17809D2215706C600271E67 /* salsa20.c in Sources */,
			);
			runOnlyForDeploymentPostprocessing = 0;
		};
		F1780A3B21570A8700271E67 /* Sources */ = {
			isa = PBXSourcesBuildPhase;
			buildActionMask = 2147483647;
			files = (
				F1780A4C21570ACA00271E67 /* KeePassUITests.swift in Sources */,
			);
			runOnlyForDeploymentPostprocessing = 0;
		};
/* End PBXSourcesBuildPhase section */

/* Begin PBXTargetDependency section */
		F178088D2157030000271E67 /* PBXTargetDependency */ = {
			isa = PBXTargetDependency;
			target = F1780881215702FF00271E67 /* KeePassSupport */;
			targetProxy = F178088C2157030000271E67 /* PBXContainerItemProxy */;
		};
		F178088F2157030000271E67 /* PBXTargetDependency */ = {
			isa = PBXTargetDependency;
			target = F178084B215702C400271E67 /* KeePass */;
			targetProxy = F178088E2157030000271E67 /* PBXContainerItemProxy */;
		};
		F17808962157030000271E67 /* PBXTargetDependency */ = {
			isa = PBXTargetDependency;
			target = F1780881215702FF00271E67 /* KeePassSupport */;
			targetProxy = F17808952157030000271E67 /* PBXContainerItemProxy */;
		};
		F17809892157047500271E67 /* PBXTargetDependency */ = {
			isa = PBXTargetDependency;
			name = "Gzip iOS";
			targetProxy = F17809882157047500271E67 /* PBXContainerItemProxy */;
		};
		F178098F215704CA00271E67 /* PBXTargetDependency */ = {
			isa = PBXTargetDependency;
			name = "Gzip iOS";
			targetProxy = F178098E215704CA00271E67 /* PBXContainerItemProxy */;
		};
		F17809AA2157057400271E67 /* PBXTargetDependency */ = {
			isa = PBXTargetDependency;
			name = "AEXML iOS";
			targetProxy = F17809A92157057400271E67 /* PBXContainerItemProxy */;
		};
		F17809AE2157057E00271E67 /* PBXTargetDependency */ = {
			isa = PBXTargetDependency;
			name = "AEXML iOS";
			targetProxy = F17809AD2157057E00271E67 /* PBXContainerItemProxy */;
		};
		F17809D52157070800271E67 /* PBXTargetDependency */ = {
			isa = PBXTargetDependency;
			target = F17809C22157067B00271E67 /* Salsa20 */;
			targetProxy = F17809D42157070800271E67 /* PBXContainerItemProxy */;
		};
		F17809D92157072C00271E67 /* PBXTargetDependency */ = {
			isa = PBXTargetDependency;
			target = F17809C22157067B00271E67 /* Salsa20 */;
			targetProxy = F17809D82157072C00271E67 /* PBXContainerItemProxy */;
		};
		F1780A4521570A8700271E67 /* PBXTargetDependency */ = {
			isa = PBXTargetDependency;
			target = F178084B215702C400271E67 /* KeePass */;
			targetProxy = F1780A4421570A8700271E67 /* PBXContainerItemProxy */;
		};
/* End PBXTargetDependency section */

/* Begin XCBuildConfiguration section */
		F1780872215702C400271E67 /* Debug */ = {
			isa = XCBuildConfiguration;
			buildSettings = {
				ALWAYS_SEARCH_USER_PATHS = NO;
				CLANG_ANALYZER_NONNULL = YES;
				CLANG_ANALYZER_NUMBER_OBJECT_CONVERSION = YES_AGGRESSIVE;
				CLANG_CXX_LANGUAGE_STANDARD = "gnu++14";
				CLANG_CXX_LIBRARY = "libc++";
				CLANG_ENABLE_MODULES = YES;
				CLANG_ENABLE_OBJC_ARC = YES;
				CLANG_ENABLE_OBJC_WEAK = YES;
				CLANG_WARN_BLOCK_CAPTURE_AUTORELEASING = YES;
				CLANG_WARN_BOOL_CONVERSION = YES;
				CLANG_WARN_COMMA = YES;
				CLANG_WARN_CONSTANT_CONVERSION = YES;
				CLANG_WARN_DEPRECATED_OBJC_IMPLEMENTATIONS = YES;
				CLANG_WARN_DIRECT_OBJC_ISA_USAGE = YES_ERROR;
				CLANG_WARN_DOCUMENTATION_COMMENTS = YES;
				CLANG_WARN_EMPTY_BODY = YES;
				CLANG_WARN_ENUM_CONVERSION = YES;
				CLANG_WARN_INFINITE_RECURSION = YES;
				CLANG_WARN_INT_CONVERSION = YES;
				CLANG_WARN_NON_LITERAL_NULL_CONVERSION = YES;
				CLANG_WARN_OBJC_IMPLICIT_RETAIN_SELF = YES;
				CLANG_WARN_OBJC_LITERAL_CONVERSION = YES;
				CLANG_WARN_OBJC_ROOT_CLASS = YES_ERROR;
				CLANG_WARN_RANGE_LOOP_ANALYSIS = YES;
				CLANG_WARN_STRICT_PROTOTYPES = YES;
				CLANG_WARN_SUSPICIOUS_MOVE = YES;
				CLANG_WARN_UNGUARDED_AVAILABILITY = YES_AGGRESSIVE;
				CLANG_WARN_UNREACHABLE_CODE = YES;
				CLANG_WARN__DUPLICATE_METHOD_MATCH = YES;
				CODE_SIGN_IDENTITY = "iPhone Developer";
				COPY_PHASE_STRIP = NO;
				DEBUG_INFORMATION_FORMAT = dwarf;
				ENABLE_STRICT_OBJC_MSGSEND = YES;
				ENABLE_TESTABILITY = YES;
				GCC_C_LANGUAGE_STANDARD = gnu11;
				GCC_DYNAMIC_NO_PIC = NO;
				GCC_NO_COMMON_BLOCKS = YES;
				GCC_OPTIMIZATION_LEVEL = 0;
				GCC_PREPROCESSOR_DEFINITIONS = (
					"DEBUG=1",
					"$(inherited)",
				);
				GCC_WARN_64_TO_32_BIT_CONVERSION = YES;
				GCC_WARN_ABOUT_RETURN_TYPE = YES_ERROR;
				GCC_WARN_UNDECLARED_SELECTOR = YES;
				GCC_WARN_UNINITIALIZED_AUTOS = YES_AGGRESSIVE;
				GCC_WARN_UNUSED_FUNCTION = YES;
				GCC_WARN_UNUSED_VARIABLE = YES;
				IPHONEOS_DEPLOYMENT_TARGET = 12.0;
				MTL_ENABLE_DEBUG_INFO = INCLUDE_SOURCE;
				MTL_FAST_MATH = YES;
				ONLY_ACTIVE_ARCH = YES;
				SDKROOT = iphoneos;
				SWIFT_ACTIVE_COMPILATION_CONDITIONS = DEBUG;
				SWIFT_OPTIMIZATION_LEVEL = "-Onone";
			};
			name = Debug;
		};
		F1780873215702C400271E67 /* Release */ = {
			isa = XCBuildConfiguration;
			buildSettings = {
				ALWAYS_SEARCH_USER_PATHS = NO;
				CLANG_ANALYZER_NONNULL = YES;
				CLANG_ANALYZER_NUMBER_OBJECT_CONVERSION = YES_AGGRESSIVE;
				CLANG_CXX_LANGUAGE_STANDARD = "gnu++14";
				CLANG_CXX_LIBRARY = "libc++";
				CLANG_ENABLE_MODULES = YES;
				CLANG_ENABLE_OBJC_ARC = YES;
				CLANG_ENABLE_OBJC_WEAK = YES;
				CLANG_WARN_BLOCK_CAPTURE_AUTORELEASING = YES;
				CLANG_WARN_BOOL_CONVERSION = YES;
				CLANG_WARN_COMMA = YES;
				CLANG_WARN_CONSTANT_CONVERSION = YES;
				CLANG_WARN_DEPRECATED_OBJC_IMPLEMENTATIONS = YES;
				CLANG_WARN_DIRECT_OBJC_ISA_USAGE = YES_ERROR;
				CLANG_WARN_DOCUMENTATION_COMMENTS = YES;
				CLANG_WARN_EMPTY_BODY = YES;
				CLANG_WARN_ENUM_CONVERSION = YES;
				CLANG_WARN_INFINITE_RECURSION = YES;
				CLANG_WARN_INT_CONVERSION = YES;
				CLANG_WARN_NON_LITERAL_NULL_CONVERSION = YES;
				CLANG_WARN_OBJC_IMPLICIT_RETAIN_SELF = YES;
				CLANG_WARN_OBJC_LITERAL_CONVERSION = YES;
				CLANG_WARN_OBJC_ROOT_CLASS = YES_ERROR;
				CLANG_WARN_RANGE_LOOP_ANALYSIS = YES;
				CLANG_WARN_STRICT_PROTOTYPES = YES;
				CLANG_WARN_SUSPICIOUS_MOVE = YES;
				CLANG_WARN_UNGUARDED_AVAILABILITY = YES_AGGRESSIVE;
				CLANG_WARN_UNREACHABLE_CODE = YES;
				CLANG_WARN__DUPLICATE_METHOD_MATCH = YES;
				CODE_SIGN_IDENTITY = "iPhone Developer";
				COPY_PHASE_STRIP = NO;
				DEBUG_INFORMATION_FORMAT = "dwarf-with-dsym";
				ENABLE_NS_ASSERTIONS = NO;
				ENABLE_STRICT_OBJC_MSGSEND = YES;
				GCC_C_LANGUAGE_STANDARD = gnu11;
				GCC_NO_COMMON_BLOCKS = YES;
				GCC_WARN_64_TO_32_BIT_CONVERSION = YES;
				GCC_WARN_ABOUT_RETURN_TYPE = YES_ERROR;
				GCC_WARN_UNDECLARED_SELECTOR = YES;
				GCC_WARN_UNINITIALIZED_AUTOS = YES_AGGRESSIVE;
				GCC_WARN_UNUSED_FUNCTION = YES;
				GCC_WARN_UNUSED_VARIABLE = YES;
				IPHONEOS_DEPLOYMENT_TARGET = 12.0;
				MTL_ENABLE_DEBUG_INFO = NO;
				MTL_FAST_MATH = YES;
				SDKROOT = iphoneos;
				SWIFT_COMPILATION_MODE = wholemodule;
				SWIFT_OPTIMIZATION_LEVEL = "-O";
				VALIDATE_PRODUCT = YES;
			};
			name = Release;
		};
		F1780875215702C400271E67 /* Debug */ = {
			isa = XCBuildConfiguration;
			buildSettings = {
				ALWAYS_EMBED_SWIFT_STANDARD_LIBRARIES = YES;
				ASSETCATALOG_COMPILER_APPICON_NAME = AppIcon;
				CLANG_ENABLE_MODULES = YES;
				CODE_SIGN_ENTITLEMENTS = KeePass/KeePass.entitlements;
				CODE_SIGN_STYLE = Automatic;
				CURRENT_PROJECT_VERSION = 4;
				DEVELOPMENT_TEAM = WG8875WVRH;
				INFOPLIST_FILE = KeePass/Info.plist;
				IPHONEOS_DEPLOYMENT_TARGET = 11.0;
				LD_RUNPATH_SEARCH_PATHS = (
					"$(inherited)",
					"@executable_path/Frameworks",
				);
				PRODUCT_BUNDLE_IDENTIFIER = com.treamous.KeePass;
				PRODUCT_NAME = "$(TARGET_NAME)";
				SWIFT_OPTIMIZATION_LEVEL = "-Onone";
				SWIFT_VERSION = 4.2;
				TARGETED_DEVICE_FAMILY = "1,2";
				VERSIONING_SYSTEM = "apple-generic";
			};
			name = Debug;
		};
		F1780876215702C400271E67 /* Release */ = {
			isa = XCBuildConfiguration;
			buildSettings = {
				ALWAYS_EMBED_SWIFT_STANDARD_LIBRARIES = YES;
				ASSETCATALOG_COMPILER_APPICON_NAME = AppIcon;
				CLANG_ENABLE_MODULES = YES;
				CODE_SIGN_ENTITLEMENTS = KeePass/KeePass.entitlements;
				CODE_SIGN_STYLE = Automatic;
				CURRENT_PROJECT_VERSION = 4;
				DEVELOPMENT_TEAM = WG8875WVRH;
				INFOPLIST_FILE = KeePass/Info.plist;
				IPHONEOS_DEPLOYMENT_TARGET = 11.0;
				LD_RUNPATH_SEARCH_PATHS = (
					"$(inherited)",
					"@executable_path/Frameworks",
				);
				PRODUCT_BUNDLE_IDENTIFIER = com.treamous.KeePass;
				PRODUCT_NAME = "$(TARGET_NAME)";
				SWIFT_VERSION = 4.2;
				TARGETED_DEVICE_FAMILY = "1,2";
				VERSIONING_SYSTEM = "apple-generic";
			};
			name = Release;
		};
		F178089A2157030000271E67 /* Debug */ = {
			isa = XCBuildConfiguration;
			buildSettings = {
				CODE_SIGN_IDENTITY = "";
				CODE_SIGN_STYLE = Automatic;
				CURRENT_PROJECT_VERSION = 4;
				DEFINES_MODULE = YES;
				DEVELOPMENT_TEAM = WG8875WVRH;
				DYLIB_COMPATIBILITY_VERSION = 1;
				DYLIB_CURRENT_VERSION = 4;
				DYLIB_INSTALL_NAME_BASE = "@rpath";
				INFOPLIST_FILE = KeePassSupport/Info.plist;
				INSTALL_PATH = "$(LOCAL_LIBRARY_DIR)/Frameworks";
				IPHONEOS_DEPLOYMENT_TARGET = 11.0;
				LD_RUNPATH_SEARCH_PATHS = (
					"$(inherited)",
					"@executable_path/Frameworks",
					"@loader_path/Frameworks",
				);
				PRODUCT_BUNDLE_IDENTIFIER = com.treamous.KeePassSupport;
				PRODUCT_NAME = "$(TARGET_NAME:c99extidentifier)";
				SKIP_INSTALL = YES;
				SWIFT_VERSION = 4.2;
				TARGETED_DEVICE_FAMILY = "1,2";
				VERSIONING_SYSTEM = "apple-generic";
				VERSION_INFO_PREFIX = "";
			};
			name = Debug;
		};
		F178089B2157030000271E67 /* Release */ = {
			isa = XCBuildConfiguration;
			buildSettings = {
				CODE_SIGN_IDENTITY = "";
				CODE_SIGN_STYLE = Automatic;
				CURRENT_PROJECT_VERSION = 4;
				DEFINES_MODULE = YES;
				DEVELOPMENT_TEAM = WG8875WVRH;
				DYLIB_COMPATIBILITY_VERSION = 1;
				DYLIB_CURRENT_VERSION = 4;
				DYLIB_INSTALL_NAME_BASE = "@rpath";
				INFOPLIST_FILE = KeePassSupport/Info.plist;
				INSTALL_PATH = "$(LOCAL_LIBRARY_DIR)/Frameworks";
				IPHONEOS_DEPLOYMENT_TARGET = 11.0;
				LD_RUNPATH_SEARCH_PATHS = (
					"$(inherited)",
					"@executable_path/Frameworks",
					"@loader_path/Frameworks",
				);
				PRODUCT_BUNDLE_IDENTIFIER = com.treamous.KeePassSupport;
				PRODUCT_NAME = "$(TARGET_NAME:c99extidentifier)";
				SKIP_INSTALL = YES;
				SWIFT_VERSION = 4.2;
				TARGETED_DEVICE_FAMILY = "1,2";
				VERSIONING_SYSTEM = "apple-generic";
				VERSION_INFO_PREFIX = "";
			};
			name = Release;
		};
		F178089E2157030000271E67 /* Debug */ = {
			isa = XCBuildConfiguration;
			buildSettings = {
				ALWAYS_EMBED_SWIFT_STANDARD_LIBRARIES = YES;
				CODE_SIGN_STYLE = Automatic;
				DEVELOPMENT_TEAM = WG8875WVRH;
				INFOPLIST_FILE = KeePassSupportTests/Info.plist;
				LD_RUNPATH_SEARCH_PATHS = (
					"$(inherited)",
					"@executable_path/Frameworks",
					"@loader_path/Frameworks",
				);
				PRODUCT_BUNDLE_IDENTIFIER = com.treamous.KeePassSupportTests;
				PRODUCT_NAME = "$(TARGET_NAME)";
				SWIFT_VERSION = 4.2;
				TARGETED_DEVICE_FAMILY = "1,2";
				TEST_HOST = "$(BUILT_PRODUCTS_DIR)/KeePass.app/KeePass";
			};
			name = Debug;
		};
		F178089F2157030000271E67 /* Release */ = {
			isa = XCBuildConfiguration;
			buildSettings = {
				ALWAYS_EMBED_SWIFT_STANDARD_LIBRARIES = YES;
				CODE_SIGN_STYLE = Automatic;
				DEVELOPMENT_TEAM = WG8875WVRH;
				INFOPLIST_FILE = KeePassSupportTests/Info.plist;
				LD_RUNPATH_SEARCH_PATHS = (
					"$(inherited)",
					"@executable_path/Frameworks",
					"@loader_path/Frameworks",
				);
				PRODUCT_BUNDLE_IDENTIFIER = com.treamous.KeePassSupportTests;
				PRODUCT_NAME = "$(TARGET_NAME)";
				SWIFT_VERSION = 4.2;
				TARGETED_DEVICE_FAMILY = "1,2";
				TEST_HOST = "$(BUILT_PRODUCTS_DIR)/KeePass.app/KeePass";
			};
			name = Release;
		};
		F17809CD2157067C00271E67 /* Debug */ = {
			isa = XCBuildConfiguration;
			buildSettings = {
				CODE_SIGN_IDENTITY = "";
				CODE_SIGN_STYLE = Automatic;
				CURRENT_PROJECT_VERSION = 4;
				DEFINES_MODULE = YES;
				DEVELOPMENT_TEAM = WG8875WVRH;
				DYLIB_COMPATIBILITY_VERSION = 1;
				DYLIB_CURRENT_VERSION = 4;
				DYLIB_INSTALL_NAME_BASE = "@rpath";
				INFOPLIST_FILE = Salsa20/Info.plist;
				INSTALL_PATH = "$(LOCAL_LIBRARY_DIR)/Frameworks";
				IPHONEOS_DEPLOYMENT_TARGET = 11.0;
				LD_RUNPATH_SEARCH_PATHS = (
					"$(inherited)",
					"@executable_path/Frameworks",
					"@loader_path/Frameworks",
				);
				PRODUCT_BUNDLE_IDENTIFIER = com.treamous.Salsa20;
				PRODUCT_NAME = "$(TARGET_NAME:c99extidentifier)";
				SKIP_INSTALL = YES;
				TARGETED_DEVICE_FAMILY = "1,2";
				VERSIONING_SYSTEM = "apple-generic";
				VERSION_INFO_PREFIX = "";
			};
			name = Debug;
		};
		F17809CE2157067C00271E67 /* Release */ = {
			isa = XCBuildConfiguration;
			buildSettings = {
				CODE_SIGN_IDENTITY = "";
				CODE_SIGN_STYLE = Automatic;
				CURRENT_PROJECT_VERSION = 4;
				DEFINES_MODULE = YES;
				DEVELOPMENT_TEAM = WG8875WVRH;
				DYLIB_COMPATIBILITY_VERSION = 1;
				DYLIB_CURRENT_VERSION = 4;
				DYLIB_INSTALL_NAME_BASE = "@rpath";
				INFOPLIST_FILE = Salsa20/Info.plist;
				INSTALL_PATH = "$(LOCAL_LIBRARY_DIR)/Frameworks";
				IPHONEOS_DEPLOYMENT_TARGET = 11.0;
				LD_RUNPATH_SEARCH_PATHS = (
					"$(inherited)",
					"@executable_path/Frameworks",
					"@loader_path/Frameworks",
				);
				PRODUCT_BUNDLE_IDENTIFIER = com.treamous.Salsa20;
				PRODUCT_NAME = "$(TARGET_NAME:c99extidentifier)";
				SKIP_INSTALL = YES;
				TARGETED_DEVICE_FAMILY = "1,2";
				VERSIONING_SYSTEM = "apple-generic";
				VERSION_INFO_PREFIX = "";
			};
			name = Release;
		};
		F1780A4721570A8700271E67 /* Debug */ = {
			isa = XCBuildConfiguration;
			buildSettings = {
				CLANG_ENABLE_MODULES = YES;
				CODE_SIGN_STYLE = Automatic;
				DEVELOPMENT_TEAM = WG8875WVRH;
				INFOPLIST_FILE = KeePassUITests/Info.plist;
				LD_RUNPATH_SEARCH_PATHS = (
					"$(inherited)",
					"@executable_path/Frameworks",
					"@loader_path/Frameworks",
				);
				PRODUCT_BUNDLE_IDENTIFIER = com.treamous.KeePassUITests;
				PRODUCT_NAME = "$(TARGET_NAME)";
				SWIFT_OPTIMIZATION_LEVEL = "-Onone";
				SWIFT_VERSION = 4.2;
				TARGETED_DEVICE_FAMILY = "1,2";
				TEST_TARGET_NAME = KeePass;
			};
			name = Debug;
		};
		F1780A4821570A8700271E67 /* Release */ = {
			isa = XCBuildConfiguration;
			buildSettings = {
				CLANG_ENABLE_MODULES = YES;
				CODE_SIGN_STYLE = Automatic;
				DEVELOPMENT_TEAM = WG8875WVRH;
				INFOPLIST_FILE = KeePassUITests/Info.plist;
				LD_RUNPATH_SEARCH_PATHS = (
					"$(inherited)",
					"@executable_path/Frameworks",
					"@loader_path/Frameworks",
				);
				PRODUCT_BUNDLE_IDENTIFIER = com.treamous.KeePassUITests;
				PRODUCT_NAME = "$(TARGET_NAME)";
				SWIFT_VERSION = 4.2;
				TARGETED_DEVICE_FAMILY = "1,2";
				TEST_TARGET_NAME = KeePass;
			};
			name = Release;
		};
/* End XCBuildConfiguration section */

/* Begin XCConfigurationList section */
		F1780847215702C400271E67 /* Build configuration list for PBXProject "KeePass" */ = {
			isa = XCConfigurationList;
			buildConfigurations = (
				F1780872215702C400271E67 /* Debug */,
				F1780873215702C400271E67 /* Release */,
			);
			defaultConfigurationIsVisible = 0;
			defaultConfigurationName = Release;
		};
		F1780874215702C400271E67 /* Build configuration list for PBXNativeTarget "KeePass" */ = {
			isa = XCConfigurationList;
			buildConfigurations = (
				F1780875215702C400271E67 /* Debug */,
				F1780876215702C400271E67 /* Release */,
			);
			defaultConfigurationIsVisible = 0;
			defaultConfigurationName = Release;
		};
		F17808992157030000271E67 /* Build configuration list for PBXNativeTarget "KeePassSupport" */ = {
			isa = XCConfigurationList;
			buildConfigurations = (
				F178089A2157030000271E67 /* Debug */,
				F178089B2157030000271E67 /* Release */,
			);
			defaultConfigurationIsVisible = 0;
			defaultConfigurationName = Release;
		};
		F178089D2157030000271E67 /* Build configuration list for PBXNativeTarget "KeePassSupportTests" */ = {
			isa = XCConfigurationList;
			buildConfigurations = (
				F178089E2157030000271E67 /* Debug */,
				F178089F2157030000271E67 /* Release */,
			);
			defaultConfigurationIsVisible = 0;
			defaultConfigurationName = Release;
		};
		F17809CC2157067C00271E67 /* Build configuration list for PBXNativeTarget "Salsa20" */ = {
			isa = XCConfigurationList;
			buildConfigurations = (
				F17809CD2157067C00271E67 /* Debug */,
				F17809CE2157067C00271E67 /* Release */,
			);
			defaultConfigurationIsVisible = 0;
			defaultConfigurationName = Release;
		};
		F1780A4621570A8700271E67 /* Build configuration list for PBXNativeTarget "KeePassUITests" */ = {
			isa = XCConfigurationList;
			buildConfigurations = (
				F1780A4721570A8700271E67 /* Debug */,
				F1780A4821570A8700271E67 /* Release */,
			);
			defaultConfigurationIsVisible = 0;
			defaultConfigurationName = Release;
		};
/* End XCConfigurationList section */
	};
	rootObject = F1780844215702C400271E67 /* Project object */;
}
